
Microsoft Visual Studio Solution File, Format Version 10.00
# Visual Studio 2008
Project("{8BC9CEB8-8B4A-11D0-8D11-00A0C91BC942}") = "spec4", "spec4\spec4.vcproj", "{ACE8D924-399A-44E9-9407-96B99DDFDE4D}"
EndProject
Project("{8BC9CEB8-8B4A-11D0-8D11-00A0C91BC942}") = "garmin-serial", "garmin-serial\garmin-serial.vcproj", "{2533653C-BAD3-480C-85AF-E5E623B83D47}"
EndProject
Project("{8BC9CEB8-8B4A-11D0-8D11-00A0C91BC942}") = "lltests", "lltests\lltests.vcproj", "{E5E0FB2F-F4CD-4DD9-8D9C-4139A07931E0}"
EndProject
Project("{8BC9CEB8-8B4A-11D0-8D11-00A0C91BC942}") = "fittest", "fittest\fittest.vcproj", "{D1E80FB1-C81D-4EF4-A5E2-E57AB0263959}"
EndProject
Project("{8BC9CEB8-8B4A-11D0-8D11-00A0C91BC942}") = "menutest", "menutest\menutest.vcproj", "{C1242F90-DA7B-48BD-A1D4-9A5D2304554F}"
EndProject
Project("{8BC9CEB8-8B4A-11D0-8D11-00A0C91BC942}") = "dlgbartest", "dlgbartest\dlgbartest.vcproj", "{D86625B5-6E86-4DE2-B28A-AD808E9041D8}"
EndProject
Project("{F184B08F-C81C-45F6-A57F-5ABD9991F28F}") = "UpdateVersionInfo", "UpdateVersionInfo\UpdateVersionInfo.vbproj", "{3CD8A592-C4D2-447F-94F0-49CBCB71A83E}"
EndProject
Project("{54435603-DBB4-11D2-8724-00A0C9A8B90C}") = "LPInstaller", "Setup1\Setup1.vdproj", "{B7DB986F-4A5F-4255-B778-D4ED72440DA3}"
EndProject
Project("{54435603-DBB4-11D2-8724-00A0C9A8B90C}") = "Setup2", "Setup2\Setup2.vdproj", "{45B97BF1-E968-4676-8417-7CEDCB2FAC1F}"
EndProject
Project("{F184B08F-C81C-45F6-A57F-5ABD9991F28F}") = "DumbInstaller", "DumbInstaller\DumbInstaller.vbproj", "{9684C3CA-C10B-4918-BBFD-AFE297A82347}"
EndProject
Project("{930C7802-8A8C-48F9-8165-68863BCCD9DD}") = "WiXSetup1", "WiXSetup1\WiXSetup1.wixproj", "{226C86A8-B6BF-42A1-B83C-9DE8CF800E2D}"
EndProject
Project("{8BC9CEB8-8B4A-11D0-8D11-00A0C91BC942}") = "garxfacetest", "garxfacetest\garxfacetest.vcproj", "{3443807B-C2DC-4766-BAB0-58AEE95D41F8}"
EndProject
Project("{8BC9CEB8-8B4A-11D0-8D11-00A0C91BC942}") = "gps_generic", "gps_generic\gps_generic.vcproj", "{31367CA4-67AE-4F85-99B9-2CD826993E8A}"
EndProject
Project("{8BC9CEB8-8B4A-11D0-8D11-00A0C91BC942}") = "copy_test", "copy_test\copy_test.vcproj", "{1D95F0E7-29AD-4960-AC03-0BA8170E7FCF}"
EndProject
Project("{8BC9CEB8-8B4A-11D0-8D11-00A0C91BC942}") = "ctime-test", "ctime-test\ctime-test.vcproj", "{ADF4668E-6604-4E53-BCC5-C6D585871E1A}"
EndProject
Project("{8BC9CEB8-8B4A-11D0-8D11-00A0C91BC942}") = "regtest", "regtest\regtest.vcproj", "{7CCD9AFD-BA7B-49EF-BCB8-61F3F9C940D8}"
EndProject
Global
	GlobalSection(SubversionScc) = preSolution
		Svn-Managed = True
		Manager = AnkhSVN - Subversion Support for Visual Studio
	EndGlobalSection
	GlobalSection(SolutionConfigurationPlatforms) = preSolution
		AC-Debug-Static|Any CPU = AC-Debug-Static|Any CPU
		AC-Debug-Static|Mixed Platforms = AC-Debug-Static|Mixed Platforms
		AC-Debug-Static|Win32 = AC-Debug-Static|Win32
		AC-Debug-Static|x86 = AC-Debug-Static|x86
		Debug|Any CPU = Debug|Any CPU
		Debug|Mixed Platforms = Debug|Mixed Platforms
		Debug|Win32 = Debug|Win32
		Debug|x86 = Debug|x86
		Debug-Static|Any CPU = Debug-Static|Any CPU
		Debug-Static|Mixed Platforms = Debug-Static|Mixed Platforms
		Debug-Static|Win32 = Debug-Static|Win32
		Debug-Static|x86 = Debug-Static|x86
		Release|Any CPU = Release|Any CPU
		Release|Mixed Platforms = Release|Mixed Platforms
		Release|Win32 = Release|Win32
		Release|x86 = Release|x86
		win7-32-debug-static|Any CPU = win7-32-debug-static|Any CPU
		win7-32-debug-static|Mixed Platforms = win7-32-debug-static|Mixed Platforms
		win7-32-debug-static|Win32 = win7-32-debug-static|Win32
		win7-32-debug-static|x86 = win7-32-debug-static|x86
		win7-32-release-static|Any CPU = win7-32-release-static|Any CPU
		win7-32-release-static|Mixed Platforms = win7-32-release-static|Mixed Platforms
		win7-32-release-static|Win32 = win7-32-release-static|Win32
		win7-32-release-static|x86 = win7-32-release-static|x86
		xp-32-debug-static|Any CPU = xp-32-debug-static|Any CPU
		xp-32-debug-static|Mixed Platforms = xp-32-debug-static|Mixed Platforms
		xp-32-debug-static|Win32 = xp-32-debug-static|Win32
		xp-32-debug-static|x86 = xp-32-debug-static|x86
		xp-32-gar-lapack-debug-static|Any CPU = xp-32-gar-lapack-debug-static|Any CPU
		xp-32-gar-lapack-debug-static|Mixed Platforms = xp-32-gar-lapack-debug-static|Mixed Platforms
		xp-32-gar-lapack-debug-static|Win32 = xp-32-gar-lapack-debug-static|Win32
		xp-32-gar-lapack-debug-static|x86 = xp-32-gar-lapack-debug-static|x86
		xp-32-nmea-lapack-debug-static|Any CPU = xp-32-nmea-lapack-debug-static|Any CPU
		xp-32-nmea-lapack-debug-static|Mixed Platforms = xp-32-nmea-lapack-debug-static|Mixed Platforms
		xp-32-nmea-lapack-debug-static|Win32 = xp-32-nmea-lapack-debug-static|Win32
		xp-32-nmea-lapack-debug-static|x86 = xp-32-nmea-lapack-debug-static|x86
		xp-32-release-static|Any CPU = xp-32-release-static|Any CPU
		xp-32-release-static|Mixed Platforms = xp-32-release-static|Mixed Platforms
		xp-32-release-static|Win32 = xp-32-release-static|Win32
		xp-32-release-static|x86 = xp-32-release-static|x86
	EndGlobalSection
	GlobalSection(ProjectConfigurationPlatforms) = postSolution
		{ACE8D924-399A-44E9-9407-96B99DDFDE4D}.AC-Debug-Static|Any CPU.ActiveCfg = AC-Debug-Static|Win32
		{ACE8D924-399A-44E9-9407-96B99DDFDE4D}.AC-Debug-Static|Mixed Platforms.ActiveCfg = AC-Debug-Static|Win32
		{ACE8D924-399A-44E9-9407-96B99DDFDE4D}.AC-Debug-Static|Mixed Platforms.Build.0 = AC-Debug-Static|Win32
		{ACE8D924-399A-44E9-9407-96B99DDFDE4D}.AC-Debug-Static|Win32.ActiveCfg = AC-Debug-Static|Win32
		{ACE8D924-399A-44E9-9407-96B99DDFDE4D}.AC-Debug-Static|Win32.Build.0 = AC-Debug-Static|Win32
		{ACE8D924-399A-44E9-9407-96B99DDFDE4D}.AC-Debug-Static|x86.ActiveCfg = AC-Debug-Static|Win32
		{ACE8D924-399A-44E9-9407-96B99DDFDE4D}.Debug|Any CPU.ActiveCfg = Debug|Win32
		{ACE8D924-399A-44E9-9407-96B99DDFDE4D}.Debug|Mixed Platforms.ActiveCfg = Debug|Win32
		{ACE8D924-399A-44E9-9407-96B99DDFDE4D}.Debug|Mixed Platforms.Build.0 = Debug|Win32
		{ACE8D924-399A-44E9-9407-96B99DDFDE4D}.Debug|Win32.ActiveCfg = Debug|Win32
		{ACE8D924-399A-44E9-9407-96B99DDFDE4D}.Debug|Win32.Build.0 = Debug|Win32
		{ACE8D924-399A-44E9-9407-96B99DDFDE4D}.Debug|x86.ActiveCfg = Debug|Win32
		{ACE8D924-399A-44E9-9407-96B99DDFDE4D}.Debug-Static|Any CPU.ActiveCfg = Debug-Static|Win32
		{ACE8D924-399A-44E9-9407-96B99DDFDE4D}.Debug-Static|Mixed Platforms.ActiveCfg = Debug-Static|Win32
		{ACE8D924-399A-44E9-9407-96B99DDFDE4D}.Debug-Static|Mixed Platforms.Build.0 = Debug-Static|Win32
		{ACE8D924-399A-44E9-9407-96B99DDFDE4D}.Debug-Static|Win32.ActiveCfg = Debug-Static|Win32
		{ACE8D924-399A-44E9-9407-96B99DDFDE4D}.Debug-Static|Win32.Build.0 = Debug-Static|Win32
		{ACE8D924-399A-44E9-9407-96B99DDFDE4D}.Debug-Static|x86.ActiveCfg = Debug-Static|Win32
		{ACE8D924-399A-44E9-9407-96B99DDFDE4D}.Release|Any CPU.ActiveCfg = Release|Win32
		{ACE8D924-399A-44E9-9407-96B99DDFDE4D}.Release|Mixed Platforms.ActiveCfg = Release|Win32
		{ACE8D924-399A-44E9-9407-96B99DDFDE4D}.Release|Mixed Platforms.Build.0 = Release|Win32
		{ACE8D924-399A-44E9-9407-96B99DDFDE4D}.Release|Win32.ActiveCfg = Release|Win32
		{ACE8D924-399A-44E9-9407-96B99DDFDE4D}.Release|Win32.Build.0 = Release|Win32
		{ACE8D924-399A-44E9-9407-96B99DDFDE4D}.Release|x86.ActiveCfg = Release|Win32
		{ACE8D924-399A-44E9-9407-96B99DDFDE4D}.win7-32-debug-static|Any CPU.ActiveCfg = win7-32-debug-static|Win32
		{ACE8D924-399A-44E9-9407-96B99DDFDE4D}.win7-32-debug-static|Mixed Platforms.ActiveCfg = win7-32-debug-static|Win32
		{ACE8D924-399A-44E9-9407-96B99DDFDE4D}.win7-32-debug-static|Mixed Platforms.Build.0 = win7-32-debug-static|Win32
		{ACE8D924-399A-44E9-9407-96B99DDFDE4D}.win7-32-debug-static|Win32.ActiveCfg = win7-32-debug-static|Win32
		{ACE8D924-399A-44E9-9407-96B99DDFDE4D}.win7-32-debug-static|x86.ActiveCfg = win7-32-debug-static|Win32
		{ACE8D924-399A-44E9-9407-96B99DDFDE4D}.win7-32-release-static|Any CPU.ActiveCfg = win7-32-release-static|Win32
		{ACE8D924-399A-44E9-9407-96B99DDFDE4D}.win7-32-release-static|Mixed Platforms.ActiveCfg = win7-32-release-static|Win32
		{ACE8D924-399A-44E9-9407-96B99DDFDE4D}.win7-32-release-static|Mixed Platforms.Build.0 = win7-32-release-static|Win32
		{ACE8D924-399A-44E9-9407-96B99DDFDE4D}.win7-32-release-static|Win32.ActiveCfg = win7-32-release-static|Win32
		{ACE8D924-399A-44E9-9407-96B99DDFDE4D}.win7-32-release-static|x86.ActiveCfg = win7-32-release-static|Win32
		{ACE8D924-399A-44E9-9407-96B99DDFDE4D}.xp-32-debug-static|Any CPU.ActiveCfg = xp-32-debug-static|Win32
		{ACE8D924-399A-44E9-9407-96B99DDFDE4D}.xp-32-debug-static|Mixed Platforms.ActiveCfg = xp-32-debug-static|Win32
		{ACE8D924-399A-44E9-9407-96B99DDFDE4D}.xp-32-debug-static|Mixed Platforms.Build.0 = xp-32-debug-static|Win32
		{ACE8D924-399A-44E9-9407-96B99DDFDE4D}.xp-32-debug-static|Win32.ActiveCfg = xp-32-debug-static|Win32
		{ACE8D924-399A-44E9-9407-96B99DDFDE4D}.xp-32-debug-static|x86.ActiveCfg = xp-32-debug-static|Win32
		{ACE8D924-399A-44E9-9407-96B99DDFDE4D}.xp-32-gar-lapack-debug-static|Any CPU.ActiveCfg = xp-32-gar-lapack-debug-static|Win32
		{ACE8D924-399A-44E9-9407-96B99DDFDE4D}.xp-32-gar-lapack-debug-static|Mixed Platforms.ActiveCfg = xp-32-gar-lapack-debug-static|Win32
		{ACE8D924-399A-44E9-9407-96B99DDFDE4D}.xp-32-gar-lapack-debug-static|Mixed Platforms.Build.0 = xp-32-gar-lapack-debug-static|Win32
		{ACE8D924-399A-44E9-9407-96B99DDFDE4D}.xp-32-gar-lapack-debug-static|Win32.ActiveCfg = xp-32-gar-lapack-debug-static|Win32
		{ACE8D924-399A-44E9-9407-96B99DDFDE4D}.xp-32-gar-lapack-debug-static|x86.ActiveCfg = xp-32-gar-lapack-debug-static|Win32
		{ACE8D924-399A-44E9-9407-96B99DDFDE4D}.xp-32-nmea-lapack-debug-static|Any CPU.ActiveCfg = xp-32-nmea-lapack-debug-static|Win32
		{ACE8D924-399A-44E9-9407-96B99DDFDE4D}.xp-32-nmea-lapack-debug-static|Mixed Platforms.ActiveCfg = xp-32-nmea-lapack-debug-static|Win32
		{ACE8D924-399A-44E9-9407-96B99DDFDE4D}.xp-32-nmea-lapack-debug-static|Mixed Platforms.Build.0 = xp-32-nmea-lapack-debug-static|Win32
		{ACE8D924-399A-44E9-9407-96B99DDFDE4D}.xp-32-nmea-lapack-debug-static|Win32.ActiveCfg = xp-32-nmea-lapack-debug-static|Win32
		{ACE8D924-399A-44E9-9407-96B99DDFDE4D}.xp-32-nmea-lapack-debug-static|x86.ActiveCfg = xp-32-nmea-lapack-debug-static|Win32
		{ACE8D924-399A-44E9-9407-96B99DDFDE4D}.xp-32-release-static|Any CPU.ActiveCfg = xp-32-release-static|Win32
		{ACE8D924-399A-44E9-9407-96B99DDFDE4D}.xp-32-release-static|Mixed Platforms.ActiveCfg = xp-32-release-static|Win32
		{ACE8D924-399A-44E9-9407-96B99DDFDE4D}.xp-32-release-static|Mixed Platforms.Build.0 = xp-32-release-static|Win32
		{ACE8D924-399A-44E9-9407-96B99DDFDE4D}.xp-32-release-static|Win32.ActiveCfg = xp-32-release-static|Win32
		{ACE8D924-399A-44E9-9407-96B99DDFDE4D}.xp-32-release-static|x86.ActiveCfg = xp-32-release-static|Win32
		{2533653C-BAD3-480C-85AF-E5E623B83D47}.AC-Debug-Static|Any CPU.ActiveCfg = AC-Debug-Static|Win32
		{2533653C-BAD3-480C-85AF-E5E623B83D47}.AC-Debug-Static|Mixed Platforms.ActiveCfg = AC-Debug-Static|Win32
		{2533653C-BAD3-480C-85AF-E5E623B83D47}.AC-Debug-Static|Mixed Platforms.Build.0 = AC-Debug-Static|Win32
		{2533653C-BAD3-480C-85AF-E5E623B83D47}.AC-Debug-Static|Win32.ActiveCfg = AC-Debug-Static|Win32
		{2533653C-BAD3-480C-85AF-E5E623B83D47}.AC-Debug-Static|Win32.Build.0 = AC-Debug-Static|Win32
		{2533653C-BAD3-480C-85AF-E5E623B83D47}.AC-Debug-Static|x86.ActiveCfg = AC-Debug-Static|Win32
		{2533653C-BAD3-480C-85AF-E5E623B83D47}.Debug|Any CPU.ActiveCfg = Debug|Win32
		{2533653C-BAD3-480C-85AF-E5E623B83D47}.Debug|Mixed Platforms.ActiveCfg = Debug|Win32
		{2533653C-BAD3-480C-85AF-E5E623B83D47}.Debug|Mixed Platforms.Build.0 = Debug|Win32
		{2533653C-BAD3-480C-85AF-E5E623B83D47}.Debug|Win32.ActiveCfg = Debug|Win32
		{2533653C-BAD3-480C-85AF-E5E623B83D47}.Debug|Win32.Build.0 = Debug|Win32
		{2533653C-BAD3-480C-85AF-E5E623B83D47}.Debug|x86.ActiveCfg = Debug|Win32
		{2533653C-BAD3-480C-85AF-E5E623B83D47}.Debug-Static|Any CPU.ActiveCfg = Debug-Static|Win32
		{2533653C-BAD3-480C-85AF-E5E623B83D47}.Debug-Static|Mixed Platforms.ActiveCfg = Debug-Static|Win32
		{2533653C-BAD3-480C-85AF-E5E623B83D47}.Debug-Static|Mixed Platforms.Build.0 = Debug-Static|Win32
		{2533653C-BAD3-480C-85AF-E5E623B83D47}.Debug-Static|Win32.ActiveCfg = Debug-Static|Win32
		{2533653C-BAD3-480C-85AF-E5E623B83D47}.Debug-Static|Win32.Build.0 = Debug-Static|Win32
		{2533653C-BAD3-480C-85AF-E5E623B83D47}.Debug-Static|x86.ActiveCfg = Debug-Static|Win32
		{2533653C-BAD3-480C-85AF-E5E623B83D47}.Release|Any CPU.ActiveCfg = Release|Win32
		{2533653C-BAD3-480C-85AF-E5E623B83D47}.Release|Mixed Platforms.ActiveCfg = Release|Win32
		{2533653C-BAD3-480C-85AF-E5E623B83D47}.Release|Mixed Platforms.Build.0 = Release|Win32
		{2533653C-BAD3-480C-85AF-E5E623B83D47}.Release|Win32.ActiveCfg = Release|Win32
		{2533653C-BAD3-480C-85AF-E5E623B83D47}.Release|Win32.Build.0 = Release|Win32
		{2533653C-BAD3-480C-85AF-E5E623B83D47}.Release|x86.ActiveCfg = Release|Win32
		{2533653C-BAD3-480C-85AF-E5E623B83D47}.win7-32-debug-static|Any CPU.ActiveCfg = win7-32-debug-static|Win32
		{2533653C-BAD3-480C-85AF-E5E623B83D47}.win7-32-debug-static|Mixed Platforms.ActiveCfg = win7-32-debug-static|Win32
		{2533653C-BAD3-480C-85AF-E5E623B83D47}.win7-32-debug-static|Mixed Platforms.Build.0 = win7-32-debug-static|Win32
		{2533653C-BAD3-480C-85AF-E5E623B83D47}.win7-32-debug-static|Win32.ActiveCfg = win7-32-debug-static|Win32
		{2533653C-BAD3-480C-85AF-E5E623B83D47}.win7-32-debug-static|x86.ActiveCfg = win7-32-debug-static|Win32
		{2533653C-BAD3-480C-85AF-E5E623B83D47}.win7-32-release-static|Any CPU.ActiveCfg = win7-32-release-static|Win32
		{2533653C-BAD3-480C-85AF-E5E623B83D47}.win7-32-release-static|Mixed Platforms.ActiveCfg = win7-32-release-static|Win32
		{2533653C-BAD3-480C-85AF-E5E623B83D47}.win7-32-release-static|Mixed Platforms.Build.0 = win7-32-release-static|Win32
		{2533653C-BAD3-480C-85AF-E5E623B83D47}.win7-32-release-static|Win32.ActiveCfg = win7-32-release-static|Win32
		{2533653C-BAD3-480C-85AF-E5E623B83D47}.win7-32-release-static|x86.ActiveCfg = win7-32-release-static|Win32
		{2533653C-BAD3-480C-85AF-E5E623B83D47}.xp-32-debug-static|Any CPU.ActiveCfg = xp-32-debug-static|Win32
		{2533653C-BAD3-480C-85AF-E5E623B83D47}.xp-32-debug-static|Mixed Platforms.ActiveCfg = xp-32-debug-static|Win32
		{2533653C-BAD3-480C-85AF-E5E623B83D47}.xp-32-debug-static|Mixed Platforms.Build.0 = xp-32-debug-static|Win32
		{2533653C-BAD3-480C-85AF-E5E623B83D47}.xp-32-debug-static|Win32.ActiveCfg = xp-32-debug-static|Win32
		{2533653C-BAD3-480C-85AF-E5E623B83D47}.xp-32-debug-static|x86.ActiveCfg = xp-32-debug-static|Win32
		{2533653C-BAD3-480C-85AF-E5E623B83D47}.xp-32-gar-lapack-debug-static|Any CPU.ActiveCfg = xp-32-gar-lapack-debug-static|Win32
		{2533653C-BAD3-480C-85AF-E5E623B83D47}.xp-32-gar-lapack-debug-static|Mixed Platforms.ActiveCfg = xp-32-gar-lapack-debug-static|Win32
		{2533653C-BAD3-480C-85AF-E5E623B83D47}.xp-32-gar-lapack-debug-static|Mixed Platforms.Build.0 = xp-32-gar-lapack-debug-static|Win32
		{2533653C-BAD3-480C-85AF-E5E623B83D47}.xp-32-gar-lapack-debug-static|Win32.ActiveCfg = xp-32-gar-lapack-debug-static|Win32
		{2533653C-BAD3-480C-85AF-E5E623B83D47}.xp-32-gar-lapack-debug-static|x86.ActiveCfg = xp-32-gar-lapack-debug-static|Win32
		{2533653C-BAD3-480C-85AF-E5E623B83D47}.xp-32-nmea-lapack-debug-static|Any CPU.ActiveCfg = xp-32-nmea-lapack-debug-static|Win32
		{2533653C-BAD3-480C-85AF-E5E623B83D47}.xp-32-nmea-lapack-debug-static|Mixed Platforms.ActiveCfg = xp-32-nmea-lapack-debug-static|Win32
		{2533653C-BAD3-480C-85AF-E5E623B83D47}.xp-32-nmea-lapack-debug-static|Mixed Platforms.Build.0 = xp-32-nmea-lapack-debug-static|Win32
		{2533653C-BAD3-480C-85AF-E5E623B83D47}.xp-32-nmea-lapack-debug-static|Win32.ActiveCfg = xp-32-nmea-lapack-debug-static|Win32
		{2533653C-BAD3-480C-85AF-E5E623B83D47}.xp-32-nmea-lapack-debug-static|x86.ActiveCfg = xp-32-nmea-lapack-debug-static|Win32
		{2533653C-BAD3-480C-85AF-E5E623B83D47}.xp-32-release-static|Any CPU.ActiveCfg = xp-32-release-static|Win32
		{2533653C-BAD3-480C-85AF-E5E623B83D47}.xp-32-release-static|Mixed Platforms.ActiveCfg = xp-32-release-static|Win32
		{2533653C-BAD3-480C-85AF-E5E623B83D47}.xp-32-release-static|Mixed Platforms.Build.0 = xp-32-release-static|Win32
		{2533653C-BAD3-480C-85AF-E5E623B83D47}.xp-32-release-static|Win32.ActiveCfg = xp-32-release-static|Win32
		{2533653C-BAD3-480C-85AF-E5E623B83D47}.xp-32-release-static|x86.ActiveCfg = xp-32-release-static|Win32
		{E5E0FB2F-F4CD-4DD9-8D9C-4139A07931E0}.AC-Debug-Static|Any CPU.ActiveCfg = AC-Debug-Static|Win32
		{E5E0FB2F-F4CD-4DD9-8D9C-4139A07931E0}.AC-Debug-Static|Mixed Platforms.ActiveCfg = AC-Debug-Static|Win32
		{E5E0FB2F-F4CD-4DD9-8D9C-4139A07931E0}.AC-Debug-Static|Mixed Platforms.Build.0 = AC-Debug-Static|Win32
		{E5E0FB2F-F4CD-4DD9-8D9C-4139A07931E0}.AC-Debug-Static|Win32.ActiveCfg = AC-Debug-Static|Win32
		{E5E0FB2F-F4CD-4DD9-8D9C-4139A07931E0}.AC-Debug-Static|Win32.Build.0 = AC-Debug-Static|Win32
		{E5E0FB2F-F4CD-4DD9-8D9C-4139A07931E0}.AC-Debug-Static|x86.ActiveCfg = AC-Debug-Static|Win32
		{E5E0FB2F-F4CD-4DD9-8D9C-4139A07931E0}.Debug|Any CPU.ActiveCfg = Debug|Win32
		{E5E0FB2F-F4CD-4DD9-8D9C-4139A07931E0}.Debug|Mixed Platforms.ActiveCfg = Debug|Win32
		{E5E0FB2F-F4CD-4DD9-8D9C-4139A07931E0}.Debug|Mixed Platforms.Build.0 = Debug|Win32
		{E5E0FB2F-F4CD-4DD9-8D9C-4139A07931E0}.Debug|Win32.ActiveCfg = Debug|Win32
		{E5E0FB2F-F4CD-4DD9-8D9C-4139A07931E0}.Debug|Win32.Build.0 = Debug|Win32
		{E5E0FB2F-F4CD-4DD9-8D9C-4139A07931E0}.Debug|x86.ActiveCfg = Debug|Win32
		{E5E0FB2F-F4CD-4DD9-8D9C-4139A07931E0}.Debug-Static|Any CPU.ActiveCfg = Debug-Static|Win32
		{E5E0FB2F-F4CD-4DD9-8D9C-4139A07931E0}.Debug-Static|Mixed Platforms.ActiveCfg = Debug-Static|Win32
		{E5E0FB2F-F4CD-4DD9-8D9C-4139A07931E0}.Debug-Static|Mixed Platforms.Build.0 = Debug-Static|Win32
		{E5E0FB2F-F4CD-4DD9-8D9C-4139A07931E0}.Debug-Static|Win32.ActiveCfg = Debug-Static|Win32
		{E5E0FB2F-F4CD-4DD9-8D9C-4139A07931E0}.Debug-Static|Win32.Build.0 = Debug-Static|Win32
		{E5E0FB2F-F4CD-4DD9-8D9C-4139A07931E0}.Debug-Static|x86.ActiveCfg = Debug-Static|Win32
		{E5E0FB2F-F4CD-4DD9-8D9C-4139A07931E0}.Release|Any CPU.ActiveCfg = Release|Win32
		{E5E0FB2F-F4CD-4DD9-8D9C-4139A07931E0}.Release|Mixed Platforms.ActiveCfg = Release|Win32
		{E5E0FB2F-F4CD-4DD9-8D9C-4139A07931E0}.Release|Mixed Platforms.Build.0 = Release|Win32
		{E5E0FB2F-F4CD-4DD9-8D9C-4139A07931E0}.Release|Win32.ActiveCfg = Release|Win32
		{E5E0FB2F-F4CD-4DD9-8D9C-4139A07931E0}.Release|Win32.Build.0 = Release|Win32
		{E5E0FB2F-F4CD-4DD9-8D9C-4139A07931E0}.Release|x86.ActiveCfg = Release|Win32
		{E5E0FB2F-F4CD-4DD9-8D9C-4139A07931E0}.win7-32-debug-static|Any CPU.ActiveCfg = win7-32-debug-static|Win32
		{E5E0FB2F-F4CD-4DD9-8D9C-4139A07931E0}.win7-32-debug-static|Mixed Platforms.ActiveCfg = win7-32-debug-static|Win32
		{E5E0FB2F-F4CD-4DD9-8D9C-4139A07931E0}.win7-32-debug-static|Mixed Platforms.Build.0 = win7-32-debug-static|Win32
		{E5E0FB2F-F4CD-4DD9-8D9C-4139A07931E0}.win7-32-debug-static|Win32.ActiveCfg = win7-32-debug-static|Win32
		{E5E0FB2F-F4CD-4DD9-8D9C-4139A07931E0}.win7-32-debug-static|x86.ActiveCfg = win7-32-debug-static|Win32
		{E5E0FB2F-F4CD-4DD9-8D9C-4139A07931E0}.win7-32-release-static|Any CPU.ActiveCfg = win7-32-release-static|Win32
		{E5E0FB2F-F4CD-4DD9-8D9C-4139A07931E0}.win7-32-release-static|Mixed Platforms.ActiveCfg = win7-32-release-static|Win32
		{E5E0FB2F-F4CD-4DD9-8D9C-4139A07931E0}.win7-32-release-static|Mixed Platforms.Build.0 = win7-32-release-static|Win32
		{E5E0FB2F-F4CD-4DD9-8D9C-4139A07931E0}.win7-32-release-static|Win32.ActiveCfg = win7-32-release-static|Win32
		{E5E0FB2F-F4CD-4DD9-8D9C-4139A07931E0}.win7-32-release-static|x86.ActiveCfg = win7-32-release-static|Win32
		{E5E0FB2F-F4CD-4DD9-8D9C-4139A07931E0}.xp-32-debug-static|Any CPU.ActiveCfg = xp-32-debug-static|Win32
		{E5E0FB2F-F4CD-4DD9-8D9C-4139A07931E0}.xp-32-debug-static|Mixed Platforms.ActiveCfg = xp-32-debug-static|Win32
		{E5E0FB2F-F4CD-4DD9-8D9C-4139A07931E0}.xp-32-debug-static|Mixed Platforms.Build.0 = xp-32-debug-static|Win32
		{E5E0FB2F-F4CD-4DD9-8D9C-4139A07931E0}.xp-32-debug-static|Win32.ActiveCfg = xp-32-debug-static|Win32
		{E5E0FB2F-F4CD-4DD9-8D9C-4139A07931E0}.xp-32-debug-static|x86.ActiveCfg = xp-32-debug-static|Win32
		{E5E0FB2F-F4CD-4DD9-8D9C-4139A07931E0}.xp-32-gar-lapack-debug-static|Any CPU.ActiveCfg = xp-32-gar-lapack-debug-static|Win32
		{E5E0FB2F-F4CD-4DD9-8D9C-4139A07931E0}.xp-32-gar-lapack-debug-static|Mixed Platforms.ActiveCfg = xp-32-gar-lapack-debug-static|Win32
		{E5E0FB2F-F4CD-4DD9-8D9C-4139A07931E0}.xp-32-gar-lapack-debug-static|Mixed Platforms.Build.0 = xp-32-gar-lapack-debug-static|Win32
		{E5E0FB2F-F4CD-4DD9-8D9C-4139A07931E0}.xp-32-gar-lapack-debug-static|Win32.ActiveCfg = xp-32-gar-lapack-debug-static|Win32
		{E5E0FB2F-F4CD-4DD9-8D9C-4139A07931E0}.xp-32-gar-lapack-debug-static|x86.ActiveCfg = xp-32-gar-lapack-debug-static|Win32
		{E5E0FB2F-F4CD-4DD9-8D9C-4139A07931E0}.xp-32-nmea-lapack-debug-static|Any CPU.ActiveCfg = xp-32-nmea-lapack-debug-static|Win32
		{E5E0FB2F-F4CD-4DD9-8D9C-4139A07931E0}.xp-32-nmea-lapack-debug-static|Mixed Platforms.ActiveCfg = xp-32-nmea-lapack-debug-static|Win32
		{E5E0FB2F-F4CD-4DD9-8D9C-4139A07931E0}.xp-32-nmea-lapack-debug-static|Mixed Platforms.Build.0 = xp-32-nmea-lapack-debug-static|Win32
		{E5E0FB2F-F4CD-4DD9-8D9C-4139A07931E0}.xp-32-nmea-lapack-debug-static|Win32.ActiveCfg = xp-32-nmea-lapack-debug-static|Win32
		{E5E0FB2F-F4CD-4DD9-8D9C-4139A07931E0}.xp-32-nmea-lapack-debug-static|x86.ActiveCfg = xp-32-nmea-lapack-debug-static|Win32
		{E5E0FB2F-F4CD-4DD9-8D9C-4139A07931E0}.xp-32-release-static|Any CPU.ActiveCfg = xp-32-release-static|Win32
		{E5E0FB2F-F4CD-4DD9-8D9C-4139A07931E0}.xp-32-release-static|Mixed Platforms.ActiveCfg = xp-32-release-static|Win32
		{E5E0FB2F-F4CD-4DD9-8D9C-4139A07931E0}.xp-32-release-static|Mixed Platforms.Build.0 = xp-32-release-static|Win32
		{E5E0FB2F-F4CD-4DD9-8D9C-4139A07931E0}.xp-32-release-static|Win32.ActiveCfg = xp-32-release-static|Win32
		{E5E0FB2F-F4CD-4DD9-8D9C-4139A07931E0}.xp-32-release-static|x86.ActiveCfg = xp-32-release-static|Win32
		{D1E80FB1-C81D-4EF4-A5E2-E57AB0263959}.AC-Debug-Static|Any CPU.ActiveCfg = AC-Debug-Static|Win32
		{D1E80FB1-C81D-4EF4-A5E2-E57AB0263959}.AC-Debug-Static|Mixed Platforms.ActiveCfg = AC-Debug-Static|Win32
		{D1E80FB1-C81D-4EF4-A5E2-E57AB0263959}.AC-Debug-Static|Mixed Platforms.Build.0 = AC-Debug-Static|Win32
		{D1E80FB1-C81D-4EF4-A5E2-E57AB0263959}.AC-Debug-Static|Win32.ActiveCfg = AC-Debug-Static|Win32
		{D1E80FB1-C81D-4EF4-A5E2-E57AB0263959}.AC-Debug-Static|Win32.Build.0 = AC-Debug-Static|Win32
		{D1E80FB1-C81D-4EF4-A5E2-E57AB0263959}.AC-Debug-Static|x86.ActiveCfg = AC-Debug-Static|Win32
		{D1E80FB1-C81D-4EF4-A5E2-E57AB0263959}.Debug|Any CPU.ActiveCfg = Debug|Win32
		{D1E80FB1-C81D-4EF4-A5E2-E57AB0263959}.Debug|Mixed Platforms.ActiveCfg = Debug|Win32
		{D1E80FB1-C81D-4EF4-A5E2-E57AB0263959}.Debug|Mixed Platforms.Build.0 = Debug|Win32
		{D1E80FB1-C81D-4EF4-A5E2-E57AB0263959}.Debug|Win32.ActiveCfg = Debug|Win32
		{D1E80FB1-C81D-4EF4-A5E2-E57AB0263959}.Debug|Win32.Build.0 = Debug|Win32
		{D1E80FB1-C81D-4EF4-A5E2-E57AB0263959}.Debug|x86.ActiveCfg = Debug|Win32
		{D1E80FB1-C81D-4EF4-A5E2-E57AB0263959}.Debug-Static|Any CPU.ActiveCfg = Debug-Static|Win32
		{D1E80FB1-C81D-4EF4-A5E2-E57AB0263959}.Debug-Static|Mixed Platforms.ActiveCfg = Debug-Static|Win32
		{D1E80FB1-C81D-4EF4-A5E2-E57AB0263959}.Debug-Static|Mixed Platforms.Build.0 = Debug-Static|Win32
		{D1E80FB1-C81D-4EF4-A5E2-E57AB0263959}.Debug-Static|Win32.ActiveCfg = Debug-Static|Win32
		{D1E80FB1-C81D-4EF4-A5E2-E57AB0263959}.Debug-Static|Win32.Build.0 = Debug-Static|Win32
		{D1E80FB1-C81D-4EF4-A5E2-E57AB0263959}.Debug-Static|x86.ActiveCfg = Debug-Static|Win32
		{D1E80FB1-C81D-4EF4-A5E2-E57AB0263959}.Release|Any CPU.ActiveCfg = Release|Win32
		{D1E80FB1-C81D-4EF4-A5E2-E57AB0263959}.Release|Mixed Platforms.ActiveCfg = Release|Win32
		{D1E80FB1-C81D-4EF4-A5E2-E57AB0263959}.Release|Mixed Platforms.Build.0 = Release|Win32
		{D1E80FB1-C81D-4EF4-A5E2-E57AB0263959}.Release|Win32.ActiveCfg = Release|Win32
		{D1E80FB1-C81D-4EF4-A5E2-E57AB0263959}.Release|Win32.Build.0 = Release|Win32
		{D1E80FB1-C81D-4EF4-A5E2-E57AB0263959}.Release|x86.ActiveCfg = Release|Win32
		{D1E80FB1-C81D-4EF4-A5E2-E57AB0263959}.win7-32-debug-static|Any CPU.ActiveCfg = win7-32-debug-static|Win32
		{D1E80FB1-C81D-4EF4-A5E2-E57AB0263959}.win7-32-debug-static|Mixed Platforms.ActiveCfg = win7-32-debug-static|Win32
		{D1E80FB1-C81D-4EF4-A5E2-E57AB0263959}.win7-32-debug-static|Mixed Platforms.Build.0 = win7-32-debug-static|Win32
		{D1E80FB1-C81D-4EF4-A5E2-E57AB0263959}.win7-32-debug-static|Win32.ActiveCfg = win7-32-debug-static|Win32
		{D1E80FB1-C81D-4EF4-A5E2-E57AB0263959}.win7-32-debug-static|x86.ActiveCfg = win7-32-debug-static|Win32
		{D1E80FB1-C81D-4EF4-A5E2-E57AB0263959}.win7-32-release-static|Any CPU.ActiveCfg = win7-32-release-static|Win32
		{D1E80FB1-C81D-4EF4-A5E2-E57AB0263959}.win7-32-release-static|Mixed Platforms.ActiveCfg = win7-32-release-static|Win32
		{D1E80FB1-C81D-4EF4-A5E2-E57AB0263959}.win7-32-release-static|Mixed Platforms.Build.0 = win7-32-release-static|Win32
		{D1E80FB1-C81D-4EF4-A5E2-E57AB0263959}.win7-32-release-static|Win32.ActiveCfg = win7-32-release-static|Win32
		{D1E80FB1-C81D-4EF4-A5E2-E57AB0263959}.win7-32-release-static|x86.ActiveCfg = win7-32-release-static|Win32
		{D1E80FB1-C81D-4EF4-A5E2-E57AB0263959}.xp-32-debug-static|Any CPU.ActiveCfg = xp-32-debug-static|Win32
		{D1E80FB1-C81D-4EF4-A5E2-E57AB0263959}.xp-32-debug-static|Mixed Platforms.ActiveCfg = xp-32-debug-static|Win32
		{D1E80FB1-C81D-4EF4-A5E2-E57AB0263959}.xp-32-debug-static|Mixed Platforms.Build.0 = xp-32-debug-static|Win32
		{D1E80FB1-C81D-4EF4-A5E2-E57AB0263959}.xp-32-debug-static|Win32.ActiveCfg = xp-32-debug-static|Win32
		{D1E80FB1-C81D-4EF4-A5E2-E57AB0263959}.xp-32-debug-static|x86.ActiveCfg = xp-32-debug-static|Win32
		{D1E80FB1-C81D-4EF4-A5E2-E57AB0263959}.xp-32-gar-lapack-debug-static|Any CPU.ActiveCfg = xp-32-gar-lapack-debug-static|Win32
		{D1E80FB1-C81D-4EF4-A5E2-E57AB0263959}.xp-32-gar-lapack-debug-static|Mixed Platforms.ActiveCfg = xp-32-gar-lapack-debug-static|Win32
		{D1E80FB1-C81D-4EF4-A5E2-E57AB0263959}.xp-32-gar-lapack-debug-static|Mixed Platforms.Build.0 = xp-32-gar-lapack-debug-static|Win32
		{D1E80FB1-C81D-4EF4-A5E2-E57AB0263959}.xp-32-gar-lapack-debug-static|Win32.ActiveCfg = xp-32-gar-lapack-debug-static|Win32
		{D1E80FB1-C81D-4EF4-A5E2-E57AB0263959}.xp-32-gar-lapack-debug-static|x86.ActiveCfg = xp-32-gar-lapack-debug-static|Win32
		{D1E80FB1-C81D-4EF4-A5E2-E57AB0263959}.xp-32-nmea-lapack-debug-static|Any CPU.ActiveCfg = xp-32-nmea-lapack-debug-static|Win32
		{D1E80FB1-C81D-4EF4-A5E2-E57AB0263959}.xp-32-nmea-lapack-debug-static|Mixed Platforms.ActiveCfg = xp-32-nmea-lapack-debug-static|Win32
		{D1E80FB1-C81D-4EF4-A5E2-E57AB0263959}.xp-32-nmea-lapack-debug-static|Mixed Platforms.Build.0 = xp-32-nmea-lapack-debug-static|Win32
		{D1E80FB1-C81D-4EF4-A5E2-E57AB0263959}.xp-32-nmea-lapack-debug-static|Win32.ActiveCfg = xp-32-nmea-lapack-debug-static|Win32
		{D1E80FB1-C81D-4EF4-A5E2-E57AB0263959}.xp-32-nmea-lapack-debug-static|x86.ActiveCfg = xp-32-nmea-lapack-debug-static|Win32
		{D1E80FB1-C81D-4EF4-A5E2-E57AB0263959}.xp-32-release-static|Any CPU.ActiveCfg = xp-32-release-static|Win32
		{D1E80FB1-C81D-4EF4-A5E2-E57AB0263959}.xp-32-release-static|Mixed Platforms.ActiveCfg = xp-32-release-static|Win32
		{D1E80FB1-C81D-4EF4-A5E2-E57AB0263959}.xp-32-release-static|Mixed Platforms.Build.0 = xp-32-release-static|Win32
		{D1E80FB1-C81D-4EF4-A5E2-E57AB0263959}.xp-32-release-static|Win32.ActiveCfg = xp-32-release-static|Win32
		{D1E80FB1-C81D-4EF4-A5E2-E57AB0263959}.xp-32-release-static|x86.ActiveCfg = xp-32-release-static|Win32
		{C1242F90-DA7B-48BD-A1D4-9A5D2304554F}.AC-Debug-Static|Any CPU.ActiveCfg = Debug|Win32
		{C1242F90-DA7B-48BD-A1D4-9A5D2304554F}.AC-Debug-Static|Mixed Platforms.ActiveCfg = Debug|Win32
		{C1242F90-DA7B-48BD-A1D4-9A5D2304554F}.AC-Debug-Static|Mixed Platforms.Build.0 = Debug|Win32
		{C1242F90-DA7B-48BD-A1D4-9A5D2304554F}.AC-Debug-Static|Win32.ActiveCfg = Debug|Win32
		{C1242F90-DA7B-48BD-A1D4-9A5D2304554F}.AC-Debug-Static|Win32.Build.0 = Debug|Win32
		{C1242F90-DA7B-48BD-A1D4-9A5D2304554F}.AC-Debug-Static|x86.ActiveCfg = Debug|Win32
		{C1242F90-DA7B-48BD-A1D4-9A5D2304554F}.Debug|Any CPU.ActiveCfg = Debug|Win32
		{C1242F90-DA7B-48BD-A1D4-9A5D2304554F}.Debug|Mixed Platforms.ActiveCfg = Debug|Win32
		{C1242F90-DA7B-48BD-A1D4-9A5D2304554F}.Debug|Mixed Platforms.Build.0 = Debug|Win32
		{C1242F90-DA7B-48BD-A1D4-9A5D2304554F}.Debug|Win32.ActiveCfg = Debug|Win32
		{C1242F90-DA7B-48BD-A1D4-9A5D2304554F}.Debug|Win32.Build.0 = Debug|Win32
		{C1242F90-DA7B-48BD-A1D4-9A5D2304554F}.Debug|x86.ActiveCfg = Debug|Win32
		{C1242F90-DA7B-48BD-A1D4-9A5D2304554F}.Debug-Static|Any CPU.ActiveCfg = Debug|Win32
		{C1242F90-DA7B-48BD-A1D4-9A5D2304554F}.Debug-Static|Mixed Platforms.ActiveCfg = Debug|Win32
		{C1242F90-DA7B-48BD-A1D4-9A5D2304554F}.Debug-Static|Mixed Platforms.Build.0 = Debug|Win32
		{C1242F90-DA7B-48BD-A1D4-9A5D2304554F}.Debug-Static|Win32.ActiveCfg = Debug|Win32
		{C1242F90-DA7B-48BD-A1D4-9A5D2304554F}.Debug-Static|Win32.Build.0 = Debug|Win32
		{C1242F90-DA7B-48BD-A1D4-9A5D2304554F}.Debug-Static|x86.ActiveCfg = Debug|Win32
		{C1242F90-DA7B-48BD-A1D4-9A5D2304554F}.Release|Any CPU.ActiveCfg = Release|Win32
		{C1242F90-DA7B-48BD-A1D4-9A5D2304554F}.Release|Mixed Platforms.ActiveCfg = Release|Win32
		{C1242F90-DA7B-48BD-A1D4-9A5D2304554F}.Release|Mixed Platforms.Build.0 = Release|Win32
		{C1242F90-DA7B-48BD-A1D4-9A5D2304554F}.Release|Win32.ActiveCfg = Release|Win32
		{C1242F90-DA7B-48BD-A1D4-9A5D2304554F}.Release|Win32.Build.0 = Release|Win32
		{C1242F90-DA7B-48BD-A1D4-9A5D2304554F}.Release|x86.ActiveCfg = Release|Win32
		{C1242F90-DA7B-48BD-A1D4-9A5D2304554F}.win7-32-debug-static|Any CPU.ActiveCfg = win7-32-debug-static|Win32
		{C1242F90-DA7B-48BD-A1D4-9A5D2304554F}.win7-32-debug-static|Mixed Platforms.ActiveCfg = win7-32-debug-static|Win32
		{C1242F90-DA7B-48BD-A1D4-9A5D2304554F}.win7-32-debug-static|Mixed Platforms.Build.0 = win7-32-debug-static|Win32
		{C1242F90-DA7B-48BD-A1D4-9A5D2304554F}.win7-32-debug-static|Win32.ActiveCfg = win7-32-debug-static|Win32
		{C1242F90-DA7B-48BD-A1D4-9A5D2304554F}.win7-32-debug-static|x86.ActiveCfg = win7-32-debug-static|Win32
		{C1242F90-DA7B-48BD-A1D4-9A5D2304554F}.win7-32-release-static|Any CPU.ActiveCfg = win7-32-release-static|Win32
		{C1242F90-DA7B-48BD-A1D4-9A5D2304554F}.win7-32-release-static|Mixed Platforms.ActiveCfg = win7-32-release-static|Win32
		{C1242F90-DA7B-48BD-A1D4-9A5D2304554F}.win7-32-release-static|Mixed Platforms.Build.0 = win7-32-release-static|Win32
		{C1242F90-DA7B-48BD-A1D4-9A5D2304554F}.win7-32-release-static|Win32.ActiveCfg = win7-32-release-static|Win32
		{C1242F90-DA7B-48BD-A1D4-9A5D2304554F}.win7-32-release-static|x86.ActiveCfg = win7-32-release-static|Win32
		{C1242F90-DA7B-48BD-A1D4-9A5D2304554F}.xp-32-debug-static|Any CPU.ActiveCfg = xp-32-debug-static|Win32
		{C1242F90-DA7B-48BD-A1D4-9A5D2304554F}.xp-32-debug-static|Mixed Platforms.ActiveCfg = xp-32-debug-static|Win32
		{C1242F90-DA7B-48BD-A1D4-9A5D2304554F}.xp-32-debug-static|Mixed Platforms.Build.0 = xp-32-debug-static|Win32
		{C1242F90-DA7B-48BD-A1D4-9A5D2304554F}.xp-32-debug-static|Win32.ActiveCfg = xp-32-debug-static|Win32
		{C1242F90-DA7B-48BD-A1D4-9A5D2304554F}.xp-32-debug-static|x86.ActiveCfg = xp-32-debug-static|Win32
		{C1242F90-DA7B-48BD-A1D4-9A5D2304554F}.xp-32-gar-lapack-debug-static|Any CPU.ActiveCfg = xp-32-gar-lapack-debug-static|Win32
		{C1242F90-DA7B-48BD-A1D4-9A5D2304554F}.xp-32-gar-lapack-debug-static|Mixed Platforms.ActiveCfg = xp-32-gar-lapack-debug-static|Win32
		{C1242F90-DA7B-48BD-A1D4-9A5D2304554F}.xp-32-gar-lapack-debug-static|Mixed Platforms.Build.0 = xp-32-gar-lapack-debug-static|Win32
		{C1242F90-DA7B-48BD-A1D4-9A5D2304554F}.xp-32-gar-lapack-debug-static|Win32.ActiveCfg = xp-32-gar-lapack-debug-static|Win32
		{C1242F90-DA7B-48BD-A1D4-9A5D2304554F}.xp-32-gar-lapack-debug-static|x86.ActiveCfg = xp-32-gar-lapack-debug-static|Win32
		{C1242F90-DA7B-48BD-A1D4-9A5D2304554F}.xp-32-nmea-lapack-debug-static|Any CPU.ActiveCfg = xp-32-nmea-lapack-debug-static|Win32
		{C1242F90-DA7B-48BD-A1D4-9A5D2304554F}.xp-32-nmea-lapack-debug-static|Mixed Platforms.ActiveCfg = xp-32-nmea-lapack-debug-static|Win32
		{C1242F90-DA7B-48BD-A1D4-9A5D2304554F}.xp-32-nmea-lapack-debug-static|Mixed Platforms.Build.0 = xp-32-nmea-lapack-debug-static|Win32
		{C1242F90-DA7B-48BD-A1D4-9A5D2304554F}.xp-32-nmea-lapack-debug-static|Win32.ActiveCfg = xp-32-nmea-lapack-debug-static|Win32
		{C1242F90-DA7B-48BD-A1D4-9A5D2304554F}.xp-32-nmea-lapack-debug-static|x86.ActiveCfg = xp-32-nmea-lapack-debug-static|Win32
		{C1242F90-DA7B-48BD-A1D4-9A5D2304554F}.xp-32-release-static|Any CPU.ActiveCfg = xp-32-release-static|Win32
		{C1242F90-DA7B-48BD-A1D4-9A5D2304554F}.xp-32-release-static|Mixed Platforms.ActiveCfg = xp-32-release-static|Win32
		{C1242F90-DA7B-48BD-A1D4-9A5D2304554F}.xp-32-release-static|Mixed Platforms.Build.0 = xp-32-release-static|Win32
		{C1242F90-DA7B-48BD-A1D4-9A5D2304554F}.xp-32-release-static|Win32.ActiveCfg = xp-32-release-static|Win32
		{C1242F90-DA7B-48BD-A1D4-9A5D2304554F}.xp-32-release-static|x86.ActiveCfg = xp-32-release-static|Win32
		{D86625B5-6E86-4DE2-B28A-AD808E9041D8}.AC-Debug-Static|Any CPU.ActiveCfg = Debug|Win32
		{D86625B5-6E86-4DE2-B28A-AD808E9041D8}.AC-Debug-Static|Mixed Platforms.ActiveCfg = Debug|Win32
		{D86625B5-6E86-4DE2-B28A-AD808E9041D8}.AC-Debug-Static|Mixed Platforms.Build.0 = Debug|Win32
		{D86625B5-6E86-4DE2-B28A-AD808E9041D8}.AC-Debug-Static|Win32.ActiveCfg = Debug|Win32
		{D86625B5-6E86-4DE2-B28A-AD808E9041D8}.AC-Debug-Static|Win32.Build.0 = Debug|Win32
		{D86625B5-6E86-4DE2-B28A-AD808E9041D8}.AC-Debug-Static|x86.ActiveCfg = Debug|Win32
		{D86625B5-6E86-4DE2-B28A-AD808E9041D8}.Debug|Any CPU.ActiveCfg = Debug|Win32
		{D86625B5-6E86-4DE2-B28A-AD808E9041D8}.Debug|Mixed Platforms.ActiveCfg = Debug|Win32
		{D86625B5-6E86-4DE2-B28A-AD808E9041D8}.Debug|Mixed Platforms.Build.0 = Debug|Win32
		{D86625B5-6E86-4DE2-B28A-AD808E9041D8}.Debug|Win32.ActiveCfg = Debug|Win32
		{D86625B5-6E86-4DE2-B28A-AD808E9041D8}.Debug|Win32.Build.0 = Debug|Win32
		{D86625B5-6E86-4DE2-B28A-AD808E9041D8}.Debug|x86.ActiveCfg = Debug|Win32
		{D86625B5-6E86-4DE2-B28A-AD808E9041D8}.Debug-Static|Any CPU.ActiveCfg = Debug|Win32
		{D86625B5-6E86-4DE2-B28A-AD808E9041D8}.Debug-Static|Mixed Platforms.ActiveCfg = Debug|Win32
		{D86625B5-6E86-4DE2-B28A-AD808E9041D8}.Debug-Static|Mixed Platforms.Build.0 = Debug|Win32
		{D86625B5-6E86-4DE2-B28A-AD808E9041D8}.Debug-Static|Win32.ActiveCfg = Debug|Win32
		{D86625B5-6E86-4DE2-B28A-AD808E9041D8}.Debug-Static|Win32.Build.0 = Debug|Win32
		{D86625B5-6E86-4DE2-B28A-AD808E9041D8}.Debug-Static|x86.ActiveCfg = Debug|Win32
		{D86625B5-6E86-4DE2-B28A-AD808E9041D8}.Release|Any CPU.ActiveCfg = Release|Win32
		{D86625B5-6E86-4DE2-B28A-AD808E9041D8}.Release|Mixed Platforms.ActiveCfg = Release|Win32
		{D86625B5-6E86-4DE2-B28A-AD808E9041D8}.Release|Mixed Platforms.Build.0 = Release|Win32
		{D86625B5-6E86-4DE2-B28A-AD808E9041D8}.Release|Win32.ActiveCfg = Release|Win32
		{D86625B5-6E86-4DE2-B28A-AD808E9041D8}.Release|Win32.Build.0 = Release|Win32
		{D86625B5-6E86-4DE2-B28A-AD808E9041D8}.Release|x86.ActiveCfg = Release|Win32
		{D86625B5-6E86-4DE2-B28A-AD808E9041D8}.win7-32-debug-static|Any CPU.ActiveCfg = win7-32-debug-static|Win32
		{D86625B5-6E86-4DE2-B28A-AD808E9041D8}.win7-32-debug-static|Mixed Platforms.ActiveCfg = win7-32-debug-static|Win32
		{D86625B5-6E86-4DE2-B28A-AD808E9041D8}.win7-32-debug-static|Mixed Platforms.Build.0 = win7-32-debug-static|Win32
		{D86625B5-6E86-4DE2-B28A-AD808E9041D8}.win7-32-debug-static|Win32.ActiveCfg = win7-32-debug-static|Win32
		{D86625B5-6E86-4DE2-B28A-AD808E9041D8}.win7-32-debug-static|x86.ActiveCfg = win7-32-debug-static|Win32
		{D86625B5-6E86-4DE2-B28A-AD808E9041D8}.win7-32-release-static|Any CPU.ActiveCfg = win7-32-release-static|Win32
		{D86625B5-6E86-4DE2-B28A-AD808E9041D8}.win7-32-release-static|Mixed Platforms.ActiveCfg = win7-32-release-static|Win32
		{D86625B5-6E86-4DE2-B28A-AD808E9041D8}.win7-32-release-static|Mixed Platforms.Build.0 = win7-32-release-static|Win32
		{D86625B5-6E86-4DE2-B28A-AD808E9041D8}.win7-32-release-static|Win32.ActiveCfg = win7-32-release-static|Win32
		{D86625B5-6E86-4DE2-B28A-AD808E9041D8}.win7-32-release-static|x86.ActiveCfg = win7-32-release-static|Win32
		{D86625B5-6E86-4DE2-B28A-AD808E9041D8}.xp-32-debug-static|Any CPU.ActiveCfg = xp-32-debug-static|Win32
		{D86625B5-6E86-4DE2-B28A-AD808E9041D8}.xp-32-debug-static|Mixed Platforms.ActiveCfg = xp-32-debug-static|Win32
		{D86625B5-6E86-4DE2-B28A-AD808E9041D8}.xp-32-debug-static|Mixed Platforms.Build.0 = xp-32-debug-static|Win32
		{D86625B5-6E86-4DE2-B28A-AD808E9041D8}.xp-32-debug-static|Win32.ActiveCfg = xp-32-debug-static|Win32
		{D86625B5-6E86-4DE2-B28A-AD808E9041D8}.xp-32-debug-static|x86.ActiveCfg = xp-32-debug-static|Win32
		{D86625B5-6E86-4DE2-B28A-AD808E9041D8}.xp-32-gar-lapack-debug-static|Any CPU.ActiveCfg = xp-32-gar-lapack-debug-static|Win32
		{D86625B5-6E86-4DE2-B28A-AD808E9041D8}.xp-32-gar-lapack-debug-static|Mixed Platforms.ActiveCfg = xp-32-gar-lapack-debug-static|Win32
		{D86625B5-6E86-4DE2-B28A-AD808E9041D8}.xp-32-gar-lapack-debug-static|Mixed Platforms.Build.0 = xp-32-gar-lapack-debug-static|Win32
		{D86625B5-6E86-4DE2-B28A-AD808E9041D8}.xp-32-gar-lapack-debug-static|Win32.ActiveCfg = xp-32-gar-lapack-debug-static|Win32
		{D86625B5-6E86-4DE2-B28A-AD808E9041D8}.xp-32-gar-lapack-debug-static|x86.ActiveCfg = xp-32-gar-lapack-debug-static|Win32
		{D86625B5-6E86-4DE2-B28A-AD808E9041D8}.xp-32-nmea-lapack-debug-static|Any CPU.ActiveCfg = xp-32-nmea-lapack-debug-static|Win32
		{D86625B5-6E86-4DE2-B28A-AD808E9041D8}.xp-32-nmea-lapack-debug-static|Mixed Platforms.ActiveCfg = xp-32-nmea-lapack-debug-static|Win32
		{D86625B5-6E86-4DE2-B28A-AD808E9041D8}.xp-32-nmea-lapack-debug-static|Mixed Platforms.Build.0 = xp-32-nmea-lapack-debug-static|Win32
		{D86625B5-6E86-4DE2-B28A-AD808E9041D8}.xp-32-nmea-lapack-debug-static|Win32.ActiveCfg = xp-32-nmea-lapack-debug-static|Win32
		{D86625B5-6E86-4DE2-B28A-AD808E9041D8}.xp-32-nmea-lapack-debug-static|x86.ActiveCfg = xp-32-nmea-lapack-debug-static|Win32
		{D86625B5-6E86-4DE2-B28A-AD808E9041D8}.xp-32-release-static|Any CPU.ActiveCfg = xp-32-release-static|Win32
		{D86625B5-6E86-4DE2-B28A-AD808E9041D8}.xp-32-release-static|Mixed Platforms.ActiveCfg = xp-32-release-static|Win32
		{D86625B5-6E86-4DE2-B28A-AD808E9041D8}.xp-32-release-static|Mixed Platforms.Build.0 = xp-32-release-static|Win32
		{D86625B5-6E86-4DE2-B28A-AD808E9041D8}.xp-32-release-static|Win32.ActiveCfg = xp-32-release-static|Win32
		{D86625B5-6E86-4DE2-B28A-AD808E9041D8}.xp-32-release-static|x86.ActiveCfg = xp-32-release-static|Win32
		{3CD8A592-C4D2-447F-94F0-49CBCB71A83E}.AC-Debug-Static|Any CPU.ActiveCfg = Debug|Any CPU
		{3CD8A592-C4D2-447F-94F0-49CBCB71A83E}.AC-Debug-Static|Any CPU.Build.0 = Debug|Any CPU
		{3CD8A592-C4D2-447F-94F0-49CBCB71A83E}.AC-Debug-Static|Mixed Platforms.ActiveCfg = Debug|Any CPU
		{3CD8A592-C4D2-447F-94F0-49CBCB71A83E}.AC-Debug-Static|Mixed Platforms.Build.0 = Debug|Any CPU
		{3CD8A592-C4D2-447F-94F0-49CBCB71A83E}.AC-Debug-Static|Win32.ActiveCfg = Debug|Any CPU
		{3CD8A592-C4D2-447F-94F0-49CBCB71A83E}.AC-Debug-Static|x86.ActiveCfg = Debug|Any CPU
		{3CD8A592-C4D2-447F-94F0-49CBCB71A83E}.Debug|Any CPU.ActiveCfg = Debug|Any CPU
		{3CD8A592-C4D2-447F-94F0-49CBCB71A83E}.Debug|Any CPU.Build.0 = Debug|Any CPU
		{3CD8A592-C4D2-447F-94F0-49CBCB71A83E}.Debug|Mixed Platforms.ActiveCfg = Debug|Any CPU
		{3CD8A592-C4D2-447F-94F0-49CBCB71A83E}.Debug|Mixed Platforms.Build.0 = Debug|Any CPU
		{3CD8A592-C4D2-447F-94F0-49CBCB71A83E}.Debug|Win32.ActiveCfg = Debug|Any CPU
		{3CD8A592-C4D2-447F-94F0-49CBCB71A83E}.Debug|x86.ActiveCfg = Debug|Any CPU
		{3CD8A592-C4D2-447F-94F0-49CBCB71A83E}.Debug-Static|Any CPU.ActiveCfg = Debug|Any CPU
		{3CD8A592-C4D2-447F-94F0-49CBCB71A83E}.Debug-Static|Any CPU.Build.0 = Debug|Any CPU
		{3CD8A592-C4D2-447F-94F0-49CBCB71A83E}.Debug-Static|Mixed Platforms.ActiveCfg = Debug|Any CPU
		{3CD8A592-C4D2-447F-94F0-49CBCB71A83E}.Debug-Static|Mixed Platforms.Build.0 = Debug|Any CPU
		{3CD8A592-C4D2-447F-94F0-49CBCB71A83E}.Debug-Static|Win32.ActiveCfg = Debug|Any CPU
		{3CD8A592-C4D2-447F-94F0-49CBCB71A83E}.Debug-Static|x86.ActiveCfg = Debug|Any CPU
		{3CD8A592-C4D2-447F-94F0-49CBCB71A83E}.Release|Any CPU.ActiveCfg = Release|Any CPU
		{3CD8A592-C4D2-447F-94F0-49CBCB71A83E}.Release|Any CPU.Build.0 = Release|Any CPU
		{3CD8A592-C4D2-447F-94F0-49CBCB71A83E}.Release|Mixed Platforms.ActiveCfg = Release|Any CPU
		{3CD8A592-C4D2-447F-94F0-49CBCB71A83E}.Release|Mixed Platforms.Build.0 = Release|Any CPU
		{3CD8A592-C4D2-447F-94F0-49CBCB71A83E}.Release|Win32.ActiveCfg = Release|Any CPU
		{3CD8A592-C4D2-447F-94F0-49CBCB71A83E}.Release|x86.ActiveCfg = Release|Any CPU
		{3CD8A592-C4D2-447F-94F0-49CBCB71A83E}.win7-32-debug-static|Any CPU.ActiveCfg = win7-32-debug-static|Any CPU
		{3CD8A592-C4D2-447F-94F0-49CBCB71A83E}.win7-32-debug-static|Any CPU.Build.0 = win7-32-debug-static|Any CPU
		{3CD8A592-C4D2-447F-94F0-49CBCB71A83E}.win7-32-debug-static|Mixed Platforms.ActiveCfg = win7-32-debug-static|Any CPU
		{3CD8A592-C4D2-447F-94F0-49CBCB71A83E}.win7-32-debug-static|Mixed Platforms.Build.0 = win7-32-debug-static|Any CPU
		{3CD8A592-C4D2-447F-94F0-49CBCB71A83E}.win7-32-debug-static|Win32.ActiveCfg = win7-32-debug-static|Any CPU
		{3CD8A592-C4D2-447F-94F0-49CBCB71A83E}.win7-32-debug-static|x86.ActiveCfg = win7-32-debug-static|Any CPU
		{3CD8A592-C4D2-447F-94F0-49CBCB71A83E}.win7-32-release-static|Any CPU.ActiveCfg = win7-32-release-static|Any CPU
		{3CD8A592-C4D2-447F-94F0-49CBCB71A83E}.win7-32-release-static|Any CPU.Build.0 = win7-32-release-static|Any CPU
		{3CD8A592-C4D2-447F-94F0-49CBCB71A83E}.win7-32-release-static|Mixed Platforms.ActiveCfg = win7-32-release-static|Any CPU
		{3CD8A592-C4D2-447F-94F0-49CBCB71A83E}.win7-32-release-static|Mixed Platforms.Build.0 = win7-32-release-static|Any CPU
		{3CD8A592-C4D2-447F-94F0-49CBCB71A83E}.win7-32-release-static|Win32.ActiveCfg = win7-32-release-static|Any CPU
		{3CD8A592-C4D2-447F-94F0-49CBCB71A83E}.win7-32-release-static|x86.ActiveCfg = win7-32-release-static|Any CPU
		{3CD8A592-C4D2-447F-94F0-49CBCB71A83E}.xp-32-debug-static|Any CPU.ActiveCfg = xp-32-debug-static|Any CPU
		{3CD8A592-C4D2-447F-94F0-49CBCB71A83E}.xp-32-debug-static|Any CPU.Build.0 = xp-32-debug-static|Any CPU
		{3CD8A592-C4D2-447F-94F0-49CBCB71A83E}.xp-32-debug-static|Mixed Platforms.ActiveCfg = xp-32-debug-static|Any CPU
		{3CD8A592-C4D2-447F-94F0-49CBCB71A83E}.xp-32-debug-static|Mixed Platforms.Build.0 = xp-32-debug-static|Any CPU
		{3CD8A592-C4D2-447F-94F0-49CBCB71A83E}.xp-32-debug-static|Win32.ActiveCfg = xp-32-debug-static|Any CPU
		{3CD8A592-C4D2-447F-94F0-49CBCB71A83E}.xp-32-debug-static|x86.ActiveCfg = xp-32-debug-static|Any CPU
		{3CD8A592-C4D2-447F-94F0-49CBCB71A83E}.xp-32-gar-lapack-debug-static|Any CPU.ActiveCfg = xp-32-gar-lapack-debug-static|Any CPU
		{3CD8A592-C4D2-447F-94F0-49CBCB71A83E}.xp-32-gar-lapack-debug-static|Any CPU.Build.0 = xp-32-gar-lapack-debug-static|Any CPU
		{3CD8A592-C4D2-447F-94F0-49CBCB71A83E}.xp-32-gar-lapack-debug-static|Mixed Platforms.ActiveCfg = xp-32-gar-lapack-debug-static|Any CPU
		{3CD8A592-C4D2-447F-94F0-49CBCB71A83E}.xp-32-gar-lapack-debug-static|Mixed Platforms.Build.0 = xp-32-gar-lapack-debug-static|Any CPU
		{3CD8A592-C4D2-447F-94F0-49CBCB71A83E}.xp-32-gar-lapack-debug-static|Win32.ActiveCfg = xp-32-gar-lapack-debug-static|Any CPU
		{3CD8A592-C4D2-447F-94F0-49CBCB71A83E}.xp-32-gar-lapack-debug-static|x86.ActiveCfg = xp-32-gar-lapack-debug-static|Any CPU
		{3CD8A592-C4D2-447F-94F0-49CBCB71A83E}.xp-32-nmea-lapack-debug-static|Any CPU.ActiveCfg = xp-32-nmea-lapack-debug-static|Any CPU
		{3CD8A592-C4D2-447F-94F0-49CBCB71A83E}.xp-32-nmea-lapack-debug-static|Any CPU.Build.0 = xp-32-nmea-lapack-debug-static|Any CPU
		{3CD8A592-C4D2-447F-94F0-49CBCB71A83E}.xp-32-nmea-lapack-debug-static|Mixed Platforms.ActiveCfg = xp-32-nmea-lapack-debug-static|Any CPU
		{3CD8A592-C4D2-447F-94F0-49CBCB71A83E}.xp-32-nmea-lapack-debug-static|Mixed Platforms.Build.0 = xp-32-nmea-lapack-debug-static|Any CPU
		{3CD8A592-C4D2-447F-94F0-49CBCB71A83E}.xp-32-nmea-lapack-debug-static|Win32.ActiveCfg = xp-32-nmea-lapack-debug-static|Any CPU
		{3CD8A592-C4D2-447F-94F0-49CBCB71A83E}.xp-32-nmea-lapack-debug-static|x86.ActiveCfg = xp-32-nmea-lapack-debug-static|Any CPU
		{3CD8A592-C4D2-447F-94F0-49CBCB71A83E}.xp-32-release-static|Any CPU.ActiveCfg = xp-32-release-static|Any CPU
		{3CD8A592-C4D2-447F-94F0-49CBCB71A83E}.xp-32-release-static|Any CPU.Build.0 = xp-32-release-static|Any CPU
		{3CD8A592-C4D2-447F-94F0-49CBCB71A83E}.xp-32-release-static|Mixed Platforms.ActiveCfg = xp-32-release-static|Any CPU
		{3CD8A592-C4D2-447F-94F0-49CBCB71A83E}.xp-32-release-static|Mixed Platforms.Build.0 = xp-32-release-static|Any CPU
		{3CD8A592-C4D2-447F-94F0-49CBCB71A83E}.xp-32-release-static|Win32.ActiveCfg = xp-32-release-static|Any CPU
		{3CD8A592-C4D2-447F-94F0-49CBCB71A83E}.xp-32-release-static|x86.ActiveCfg = xp-32-release-static|Any CPU
		{B7DB986F-4A5F-4255-B778-D4ED72440DA3}.AC-Debug-Static|Any CPU.ActiveCfg = Debug
		{B7DB986F-4A5F-4255-B778-D4ED72440DA3}.AC-Debug-Static|Mixed Platforms.ActiveCfg = Debug
		{B7DB986F-4A5F-4255-B778-D4ED72440DA3}.AC-Debug-Static|Win32.ActiveCfg = Debug
		{B7DB986F-4A5F-4255-B778-D4ED72440DA3}.AC-Debug-Static|x86.ActiveCfg = Debug
		{B7DB986F-4A5F-4255-B778-D4ED72440DA3}.AC-Debug-Static|x86.Build.0 = Debug
		{B7DB986F-4A5F-4255-B778-D4ED72440DA3}.Debug|Any CPU.ActiveCfg = Debug
		{B7DB986F-4A5F-4255-B778-D4ED72440DA3}.Debug|Mixed Platforms.ActiveCfg = Debug
		{B7DB986F-4A5F-4255-B778-D4ED72440DA3}.Debug|Win32.ActiveCfg = Debug
		{B7DB986F-4A5F-4255-B778-D4ED72440DA3}.Debug|x86.ActiveCfg = Debug
		{B7DB986F-4A5F-4255-B778-D4ED72440DA3}.Debug|x86.Build.0 = Debug
		{B7DB986F-4A5F-4255-B778-D4ED72440DA3}.Debug-Static|Any CPU.ActiveCfg = Debug
		{B7DB986F-4A5F-4255-B778-D4ED72440DA3}.Debug-Static|Mixed Platforms.ActiveCfg = Debug
		{B7DB986F-4A5F-4255-B778-D4ED72440DA3}.Debug-Static|Win32.ActiveCfg = Debug
		{B7DB986F-4A5F-4255-B778-D4ED72440DA3}.Debug-Static|x86.ActiveCfg = Debug
		{B7DB986F-4A5F-4255-B778-D4ED72440DA3}.Debug-Static|x86.Build.0 = Debug
		{B7DB986F-4A5F-4255-B778-D4ED72440DA3}.Release|Any CPU.ActiveCfg = Release
		{B7DB986F-4A5F-4255-B778-D4ED72440DA3}.Release|Mixed Platforms.ActiveCfg = Release
		{B7DB986F-4A5F-4255-B778-D4ED72440DA3}.Release|Win32.ActiveCfg = Release
		{B7DB986F-4A5F-4255-B778-D4ED72440DA3}.Release|x86.ActiveCfg = Release
		{B7DB986F-4A5F-4255-B778-D4ED72440DA3}.Release|x86.Build.0 = Release
		{B7DB986F-4A5F-4255-B778-D4ED72440DA3}.win7-32-debug-static|Any CPU.ActiveCfg = win7-32-debug-static
		{B7DB986F-4A5F-4255-B778-D4ED72440DA3}.win7-32-debug-static|Mixed Platforms.ActiveCfg = win7-32-debug-static
		{B7DB986F-4A5F-4255-B778-D4ED72440DA3}.win7-32-debug-static|Mixed Platforms.Build.0 = win7-32-debug-static
		{B7DB986F-4A5F-4255-B778-D4ED72440DA3}.win7-32-debug-static|Win32.ActiveCfg = win7-32-debug-static
		{B7DB986F-4A5F-4255-B778-D4ED72440DA3}.win7-32-debug-static|Win32.Build.0 = win7-32-debug-static
		{B7DB986F-4A5F-4255-B778-D4ED72440DA3}.win7-32-debug-static|x86.ActiveCfg = win7-32-debug-static
		{B7DB986F-4A5F-4255-B778-D4ED72440DA3}.win7-32-debug-static|x86.Build.0 = win7-32-debug-static
		{B7DB986F-4A5F-4255-B778-D4ED72440DA3}.win7-32-release-static|Any CPU.ActiveCfg = win7-32-release-static
		{B7DB986F-4A5F-4255-B778-D4ED72440DA3}.win7-32-release-static|Mixed Platforms.ActiveCfg = win7-32-release-static
		{B7DB986F-4A5F-4255-B778-D4ED72440DA3}.win7-32-release-static|Mixed Platforms.Build.0 = win7-32-release-static
		{B7DB986F-4A5F-4255-B778-D4ED72440DA3}.win7-32-release-static|Win32.ActiveCfg = win7-32-release-static
		{B7DB986F-4A5F-4255-B778-D4ED72440DA3}.win7-32-release-static|Win32.Build.0 = win7-32-release-static
		{B7DB986F-4A5F-4255-B778-D4ED72440DA3}.win7-32-release-static|x86.ActiveCfg = win7-32-release-static
		{B7DB986F-4A5F-4255-B778-D4ED72440DA3}.win7-32-release-static|x86.Build.0 = win7-32-release-static
		{B7DB986F-4A5F-4255-B778-D4ED72440DA3}.xp-32-debug-static|Any CPU.ActiveCfg = xp-32-debug-static
		{B7DB986F-4A5F-4255-B778-D4ED72440DA3}.xp-32-debug-static|Mixed Platforms.ActiveCfg = xp-32-debug-static
		{B7DB986F-4A5F-4255-B778-D4ED72440DA3}.xp-32-debug-static|Mixed Platforms.Build.0 = xp-32-debug-static
		{B7DB986F-4A5F-4255-B778-D4ED72440DA3}.xp-32-debug-static|Win32.ActiveCfg = xp-32-debug-static
		{B7DB986F-4A5F-4255-B778-D4ED72440DA3}.xp-32-debug-static|Win32.Build.0 = xp-32-debug-static
		{B7DB986F-4A5F-4255-B778-D4ED72440DA3}.xp-32-debug-static|x86.ActiveCfg = xp-32-debug-static
		{B7DB986F-4A5F-4255-B778-D4ED72440DA3}.xp-32-debug-static|x86.Build.0 = xp-32-debug-static
		{B7DB986F-4A5F-4255-B778-D4ED72440DA3}.xp-32-gar-lapack-debug-static|Any CPU.ActiveCfg = xp-32-gar-lapack-debug-static
		{B7DB986F-4A5F-4255-B778-D4ED72440DA3}.xp-32-gar-lapack-debug-static|Mixed Platforms.ActiveCfg = xp-32-gar-lapack-debug-static
		{B7DB986F-4A5F-4255-B778-D4ED72440DA3}.xp-32-gar-lapack-debug-static|Mixed Platforms.Build.0 = xp-32-gar-lapack-debug-static
		{B7DB986F-4A5F-4255-B778-D4ED72440DA3}.xp-32-gar-lapack-debug-static|Win32.ActiveCfg = xp-32-gar-lapack-debug-static
		{B7DB986F-4A5F-4255-B778-D4ED72440DA3}.xp-32-gar-lapack-debug-static|Win32.Build.0 = xp-32-gar-lapack-debug-static
		{B7DB986F-4A5F-4255-B778-D4ED72440DA3}.xp-32-gar-lapack-debug-static|x86.ActiveCfg = xp-32-gar-lapack-debug-static
		{B7DB986F-4A5F-4255-B778-D4ED72440DA3}.xp-32-gar-lapack-debug-static|x86.Build.0 = xp-32-gar-lapack-debug-static
		{B7DB986F-4A5F-4255-B778-D4ED72440DA3}.xp-32-nmea-lapack-debug-static|Any CPU.ActiveCfg = xp-32-nmea-lapack-debug-static
		{B7DB986F-4A5F-4255-B778-D4ED72440DA3}.xp-32-nmea-lapack-debug-static|Mixed Platforms.ActiveCfg = xp-32-nmea-lapack-debug-static
		{B7DB986F-4A5F-4255-B778-D4ED72440DA3}.xp-32-nmea-lapack-debug-static|Mixed Platforms.Build.0 = xp-32-nmea-lapack-debug-static
		{B7DB986F-4A5F-4255-B778-D4ED72440DA3}.xp-32-nmea-lapack-debug-static|Win32.ActiveCfg = xp-32-nmea-lapack-debug-static
		{B7DB986F-4A5F-4255-B778-D4ED72440DA3}.xp-32-nmea-lapack-debug-static|Win32.Build.0 = xp-32-nmea-lapack-debug-static
		{B7DB986F-4A5F-4255-B778-D4ED72440DA3}.xp-32-nmea-lapack-debug-static|x86.ActiveCfg = xp-32-nmea-lapack-debug-static
		{B7DB986F-4A5F-4255-B778-D4ED72440DA3}.xp-32-nmea-lapack-debug-static|x86.Build.0 = xp-32-nmea-lapack-debug-static
		{B7DB986F-4A5F-4255-B778-D4ED72440DA3}.xp-32-release-static|Any CPU.ActiveCfg = xp-32-release-static
		{B7DB986F-4A5F-4255-B778-D4ED72440DA3}.xp-32-release-static|Mixed Platforms.ActiveCfg = xp-32-release-static
		{B7DB986F-4A5F-4255-B778-D4ED72440DA3}.xp-32-release-static|Mixed Platforms.Build.0 = xp-32-release-static
		{B7DB986F-4A5F-4255-B778-D4ED72440DA3}.xp-32-release-static|Win32.ActiveCfg = xp-32-release-static
		{B7DB986F-4A5F-4255-B778-D4ED72440DA3}.xp-32-release-static|Win32.Build.0 = xp-32-release-static
		{B7DB986F-4A5F-4255-B778-D4ED72440DA3}.xp-32-release-static|x86.ActiveCfg = xp-32-release-static
		{B7DB986F-4A5F-4255-B778-D4ED72440DA3}.xp-32-release-static|x86.Build.0 = xp-32-release-static
		{45B97BF1-E968-4676-8417-7CEDCB2FAC1F}.AC-Debug-Static|Any CPU.ActiveCfg = Debug
		{45B97BF1-E968-4676-8417-7CEDCB2FAC1F}.AC-Debug-Static|Mixed Platforms.ActiveCfg = Debug
		{45B97BF1-E968-4676-8417-7CEDCB2FAC1F}.AC-Debug-Static|Win32.ActiveCfg = Debug
		{45B97BF1-E968-4676-8417-7CEDCB2FAC1F}.AC-Debug-Static|x86.ActiveCfg = Debug
		{45B97BF1-E968-4676-8417-7CEDCB2FAC1F}.Debug|Any CPU.ActiveCfg = Debug
		{45B97BF1-E968-4676-8417-7CEDCB2FAC1F}.Debug|Mixed Platforms.ActiveCfg = Debug
		{45B97BF1-E968-4676-8417-7CEDCB2FAC1F}.Debug|Win32.ActiveCfg = Debug
		{45B97BF1-E968-4676-8417-7CEDCB2FAC1F}.Debug|x86.ActiveCfg = Debug
		{45B97BF1-E968-4676-8417-7CEDCB2FAC1F}.Debug-Static|Any CPU.ActiveCfg = Debug
		{45B97BF1-E968-4676-8417-7CEDCB2FAC1F}.Debug-Static|Mixed Platforms.ActiveCfg = Debug
		{45B97BF1-E968-4676-8417-7CEDCB2FAC1F}.Debug-Static|Win32.ActiveCfg = Debug
		{45B97BF1-E968-4676-8417-7CEDCB2FAC1F}.Debug-Static|x86.ActiveCfg = Debug
		{45B97BF1-E968-4676-8417-7CEDCB2FAC1F}.Release|Any CPU.ActiveCfg = Release
		{45B97BF1-E968-4676-8417-7CEDCB2FAC1F}.Release|Mixed Platforms.ActiveCfg = Release
		{45B97BF1-E968-4676-8417-7CEDCB2FAC1F}.Release|Win32.ActiveCfg = Release
		{45B97BF1-E968-4676-8417-7CEDCB2FAC1F}.Release|x86.ActiveCfg = Release
		{45B97BF1-E968-4676-8417-7CEDCB2FAC1F}.win7-32-debug-static|Any CPU.ActiveCfg = win7-32-debug-static
		{45B97BF1-E968-4676-8417-7CEDCB2FAC1F}.win7-32-debug-static|Mixed Platforms.ActiveCfg = win7-32-debug-static
		{45B97BF1-E968-4676-8417-7CEDCB2FAC1F}.win7-32-debug-static|Mixed Platforms.Build.0 = win7-32-debug-static
		{45B97BF1-E968-4676-8417-7CEDCB2FAC1F}.win7-32-debug-static|Win32.ActiveCfg = win7-32-debug-static
		{45B97BF1-E968-4676-8417-7CEDCB2FAC1F}.win7-32-debug-static|Win32.Build.0 = win7-32-debug-static
		{45B97BF1-E968-4676-8417-7CEDCB2FAC1F}.win7-32-debug-static|x86.ActiveCfg = win7-32-debug-static
		{45B97BF1-E968-4676-8417-7CEDCB2FAC1F}.win7-32-debug-static|x86.Build.0 = win7-32-debug-static
		{45B97BF1-E968-4676-8417-7CEDCB2FAC1F}.win7-32-release-static|Any CPU.ActiveCfg = win7-32-release-static
		{45B97BF1-E968-4676-8417-7CEDCB2FAC1F}.win7-32-release-static|Mixed Platforms.ActiveCfg = win7-32-release-static
		{45B97BF1-E968-4676-8417-7CEDCB2FAC1F}.win7-32-release-static|Mixed Platforms.Build.0 = win7-32-release-static
		{45B97BF1-E968-4676-8417-7CEDCB2FAC1F}.win7-32-release-static|Win32.ActiveCfg = win7-32-release-static
		{45B97BF1-E968-4676-8417-7CEDCB2FAC1F}.win7-32-release-static|Win32.Build.0 = win7-32-release-static
		{45B97BF1-E968-4676-8417-7CEDCB2FAC1F}.win7-32-release-static|x86.ActiveCfg = win7-32-release-static
		{45B97BF1-E968-4676-8417-7CEDCB2FAC1F}.win7-32-release-static|x86.Build.0 = win7-32-release-static
		{45B97BF1-E968-4676-8417-7CEDCB2FAC1F}.xp-32-debug-static|Any CPU.ActiveCfg = xp-32-debug-static
		{45B97BF1-E968-4676-8417-7CEDCB2FAC1F}.xp-32-debug-static|Mixed Platforms.ActiveCfg = xp-32-debug-static
		{45B97BF1-E968-4676-8417-7CEDCB2FAC1F}.xp-32-debug-static|Mixed Platforms.Build.0 = xp-32-debug-static
		{45B97BF1-E968-4676-8417-7CEDCB2FAC1F}.xp-32-debug-static|Win32.ActiveCfg = xp-32-debug-static
		{45B97BF1-E968-4676-8417-7CEDCB2FAC1F}.xp-32-debug-static|Win32.Build.0 = xp-32-debug-static
		{45B97BF1-E968-4676-8417-7CEDCB2FAC1F}.xp-32-debug-static|x86.ActiveCfg = xp-32-debug-static
		{45B97BF1-E968-4676-8417-7CEDCB2FAC1F}.xp-32-debug-static|x86.Build.0 = xp-32-debug-static
		{45B97BF1-E968-4676-8417-7CEDCB2FAC1F}.xp-32-gar-lapack-debug-static|Any CPU.ActiveCfg = xp-32-gar-lapack-debug-static
		{45B97BF1-E968-4676-8417-7CEDCB2FAC1F}.xp-32-gar-lapack-debug-static|Mixed Platforms.ActiveCfg = xp-32-gar-lapack-debug-static
		{45B97BF1-E968-4676-8417-7CEDCB2FAC1F}.xp-32-gar-lapack-debug-static|Mixed Platforms.Build.0 = xp-32-gar-lapack-debug-static
		{45B97BF1-E968-4676-8417-7CEDCB2FAC1F}.xp-32-gar-lapack-debug-static|Win32.ActiveCfg = xp-32-gar-lapack-debug-static
		{45B97BF1-E968-4676-8417-7CEDCB2FAC1F}.xp-32-gar-lapack-debug-static|Win32.Build.0 = xp-32-gar-lapack-debug-static
		{45B97BF1-E968-4676-8417-7CEDCB2FAC1F}.xp-32-gar-lapack-debug-static|x86.ActiveCfg = xp-32-gar-lapack-debug-static
		{45B97BF1-E968-4676-8417-7CEDCB2FAC1F}.xp-32-gar-lapack-debug-static|x86.Build.0 = xp-32-gar-lapack-debug-static
		{45B97BF1-E968-4676-8417-7CEDCB2FAC1F}.xp-32-nmea-lapack-debug-static|Any CPU.ActiveCfg = xp-32-nmea-lapack-debug-static
		{45B97BF1-E968-4676-8417-7CEDCB2FAC1F}.xp-32-nmea-lapack-debug-static|Mixed Platforms.ActiveCfg = xp-32-nmea-lapack-debug-static
		{45B97BF1-E968-4676-8417-7CEDCB2FAC1F}.xp-32-nmea-lapack-debug-static|Mixed Platforms.Build.0 = xp-32-nmea-lapack-debug-static
		{45B97BF1-E968-4676-8417-7CEDCB2FAC1F}.xp-32-nmea-lapack-debug-static|Win32.ActiveCfg = xp-32-nmea-lapack-debug-static
		{45B97BF1-E968-4676-8417-7CEDCB2FAC1F}.xp-32-nmea-lapack-debug-static|Win32.Build.0 = xp-32-nmea-lapack-debug-static
		{45B97BF1-E968-4676-8417-7CEDCB2FAC1F}.xp-32-nmea-lapack-debug-static|x86.ActiveCfg = xp-32-nmea-lapack-debug-static
		{45B97BF1-E968-4676-8417-7CEDCB2FAC1F}.xp-32-nmea-lapack-debug-static|x86.Build.0 = xp-32-nmea-lapack-debug-static
		{45B97BF1-E968-4676-8417-7CEDCB2FAC1F}.xp-32-release-static|Any CPU.ActiveCfg = xp-32-release-static
		{45B97BF1-E968-4676-8417-7CEDCB2FAC1F}.xp-32-release-static|Mixed Platforms.ActiveCfg = xp-32-release-static
		{45B97BF1-E968-4676-8417-7CEDCB2FAC1F}.xp-32-release-static|Mixed Platforms.Build.0 = xp-32-release-static
		{45B97BF1-E968-4676-8417-7CEDCB2FAC1F}.xp-32-release-static|Win32.ActiveCfg = xp-32-release-static
		{45B97BF1-E968-4676-8417-7CEDCB2FAC1F}.xp-32-release-static|Win32.Build.0 = xp-32-release-static
		{45B97BF1-E968-4676-8417-7CEDCB2FAC1F}.xp-32-release-static|x86.ActiveCfg = xp-32-release-static
		{45B97BF1-E968-4676-8417-7CEDCB2FAC1F}.xp-32-release-static|x86.Build.0 = xp-32-release-static
		{9684C3CA-C10B-4918-BBFD-AFE297A82347}.AC-Debug-Static|Any CPU.ActiveCfg = Debug|Any CPU
		{9684C3CA-C10B-4918-BBFD-AFE297A82347}.AC-Debug-Static|Any CPU.Build.0 = Debug|Any CPU
		{9684C3CA-C10B-4918-BBFD-AFE297A82347}.AC-Debug-Static|Mixed Platforms.ActiveCfg = Debug|Any CPU
		{9684C3CA-C10B-4918-BBFD-AFE297A82347}.AC-Debug-Static|Mixed Platforms.Build.0 = Debug|Any CPU
		{9684C3CA-C10B-4918-BBFD-AFE297A82347}.AC-Debug-Static|Win32.ActiveCfg = Debug|Any CPU
		{9684C3CA-C10B-4918-BBFD-AFE297A82347}.AC-Debug-Static|x86.ActiveCfg = Debug|Any CPU
		{9684C3CA-C10B-4918-BBFD-AFE297A82347}.Debug|Any CPU.ActiveCfg = Debug|Any CPU
		{9684C3CA-C10B-4918-BBFD-AFE297A82347}.Debug|Any CPU.Build.0 = Debug|Any CPU
		{9684C3CA-C10B-4918-BBFD-AFE297A82347}.Debug|Mixed Platforms.ActiveCfg = Debug|Any CPU
		{9684C3CA-C10B-4918-BBFD-AFE297A82347}.Debug|Mixed Platforms.Build.0 = Debug|Any CPU
		{9684C3CA-C10B-4918-BBFD-AFE297A82347}.Debug|Win32.ActiveCfg = Debug|Any CPU
		{9684C3CA-C10B-4918-BBFD-AFE297A82347}.Debug|x86.ActiveCfg = Debug|Any CPU
		{9684C3CA-C10B-4918-BBFD-AFE297A82347}.Debug-Static|Any CPU.ActiveCfg = Debug|Any CPU
		{9684C3CA-C10B-4918-BBFD-AFE297A82347}.Debug-Static|Any CPU.Build.0 = Debug|Any CPU
		{9684C3CA-C10B-4918-BBFD-AFE297A82347}.Debug-Static|Mixed Platforms.ActiveCfg = Debug|Any CPU
		{9684C3CA-C10B-4918-BBFD-AFE297A82347}.Debug-Static|Mixed Platforms.Build.0 = Debug|Any CPU
		{9684C3CA-C10B-4918-BBFD-AFE297A82347}.Debug-Static|Win32.ActiveCfg = Debug|Any CPU
		{9684C3CA-C10B-4918-BBFD-AFE297A82347}.Debug-Static|x86.ActiveCfg = Debug|Any CPU
		{9684C3CA-C10B-4918-BBFD-AFE297A82347}.Release|Any CPU.ActiveCfg = Release|Any CPU
		{9684C3CA-C10B-4918-BBFD-AFE297A82347}.Release|Any CPU.Build.0 = Release|Any CPU
		{9684C3CA-C10B-4918-BBFD-AFE297A82347}.Release|Mixed Platforms.ActiveCfg = Release|Any CPU
		{9684C3CA-C10B-4918-BBFD-AFE297A82347}.Release|Mixed Platforms.Build.0 = Release|Any CPU
		{9684C3CA-C10B-4918-BBFD-AFE297A82347}.Release|Win32.ActiveCfg = Release|Any CPU
		{9684C3CA-C10B-4918-BBFD-AFE297A82347}.Release|x86.ActiveCfg = Release|Any CPU
		{9684C3CA-C10B-4918-BBFD-AFE297A82347}.win7-32-debug-static|Any CPU.ActiveCfg = win7-32-debug-static|Any CPU
		{9684C3CA-C10B-4918-BBFD-AFE297A82347}.win7-32-debug-static|Any CPU.Build.0 = win7-32-debug-static|Any CPU
		{9684C3CA-C10B-4918-BBFD-AFE297A82347}.win7-32-debug-static|Mixed Platforms.ActiveCfg = win7-32-debug-static|Any CPU
		{9684C3CA-C10B-4918-BBFD-AFE297A82347}.win7-32-debug-static|Mixed Platforms.Build.0 = win7-32-debug-static|Any CPU
		{9684C3CA-C10B-4918-BBFD-AFE297A82347}.win7-32-debug-static|Win32.ActiveCfg = win7-32-debug-static|Any CPU
		{9684C3CA-C10B-4918-BBFD-AFE297A82347}.win7-32-debug-static|x86.ActiveCfg = win7-32-debug-static|Any CPU
		{9684C3CA-C10B-4918-BBFD-AFE297A82347}.win7-32-release-static|Any CPU.ActiveCfg = win7-32-release-static|Any CPU
		{9684C3CA-C10B-4918-BBFD-AFE297A82347}.win7-32-release-static|Any CPU.Build.0 = win7-32-release-static|Any CPU
		{9684C3CA-C10B-4918-BBFD-AFE297A82347}.win7-32-release-static|Mixed Platforms.ActiveCfg = win7-32-release-static|Any CPU
		{9684C3CA-C10B-4918-BBFD-AFE297A82347}.win7-32-release-static|Mixed Platforms.Build.0 = win7-32-release-static|Any CPU
		{9684C3CA-C10B-4918-BBFD-AFE297A82347}.win7-32-release-static|Win32.ActiveCfg = win7-32-release-static|Any CPU
		{9684C3CA-C10B-4918-BBFD-AFE297A82347}.win7-32-release-static|x86.ActiveCfg = win7-32-release-static|Any CPU
		{9684C3CA-C10B-4918-BBFD-AFE297A82347}.xp-32-debug-static|Any CPU.ActiveCfg = xp-32-debug-static|Any CPU
		{9684C3CA-C10B-4918-BBFD-AFE297A82347}.xp-32-debug-static|Any CPU.Build.0 = xp-32-debug-static|Any CPU
		{9684C3CA-C10B-4918-BBFD-AFE297A82347}.xp-32-debug-static|Mixed Platforms.ActiveCfg = xp-32-debug-static|Any CPU
		{9684C3CA-C10B-4918-BBFD-AFE297A82347}.xp-32-debug-static|Mixed Platforms.Build.0 = xp-32-debug-static|Any CPU
		{9684C3CA-C10B-4918-BBFD-AFE297A82347}.xp-32-debug-static|Win32.ActiveCfg = xp-32-debug-static|Any CPU
		{9684C3CA-C10B-4918-BBFD-AFE297A82347}.xp-32-debug-static|x86.ActiveCfg = xp-32-debug-static|Any CPU
		{9684C3CA-C10B-4918-BBFD-AFE297A82347}.xp-32-gar-lapack-debug-static|Any CPU.ActiveCfg = xp-32-gar-lapack-debug-static|Any CPU
		{9684C3CA-C10B-4918-BBFD-AFE297A82347}.xp-32-gar-lapack-debug-static|Any CPU.Build.0 = xp-32-gar-lapack-debug-static|Any CPU
		{9684C3CA-C10B-4918-BBFD-AFE297A82347}.xp-32-gar-lapack-debug-static|Mixed Platforms.ActiveCfg = xp-32-gar-lapack-debug-static|Any CPU
		{9684C3CA-C10B-4918-BBFD-AFE297A82347}.xp-32-gar-lapack-debug-static|Mixed Platforms.Build.0 = xp-32-gar-lapack-debug-static|Any CPU
		{9684C3CA-C10B-4918-BBFD-AFE297A82347}.xp-32-gar-lapack-debug-static|Win32.ActiveCfg = xp-32-gar-lapack-debug-static|Any CPU
		{9684C3CA-C10B-4918-BBFD-AFE297A82347}.xp-32-gar-lapack-debug-static|x86.ActiveCfg = xp-32-gar-lapack-debug-static|Any CPU
		{9684C3CA-C10B-4918-BBFD-AFE297A82347}.xp-32-nmea-lapack-debug-static|Any CPU.ActiveCfg = xp-32-nmea-lapack-debug-static|Any CPU
		{9684C3CA-C10B-4918-BBFD-AFE297A82347}.xp-32-nmea-lapack-debug-static|Any CPU.Build.0 = xp-32-nmea-lapack-debug-static|Any CPU
		{9684C3CA-C10B-4918-BBFD-AFE297A82347}.xp-32-nmea-lapack-debug-static|Mixed Platforms.ActiveCfg = xp-32-nmea-lapack-debug-static|Any CPU
		{9684C3CA-C10B-4918-BBFD-AFE297A82347}.xp-32-nmea-lapack-debug-static|Mixed Platforms.Build.0 = xp-32-nmea-lapack-debug-static|Any CPU
		{9684C3CA-C10B-4918-BBFD-AFE297A82347}.xp-32-nmea-lapack-debug-static|Win32.ActiveCfg = xp-32-nmea-lapack-debug-static|Any CPU
		{9684C3CA-C10B-4918-BBFD-AFE297A82347}.xp-32-nmea-lapack-debug-static|x86.ActiveCfg = xp-32-nmea-lapack-debug-static|Any CPU
		{9684C3CA-C10B-4918-BBFD-AFE297A82347}.xp-32-release-static|Any CPU.ActiveCfg = xp-32-release-static|Any CPU
		{9684C3CA-C10B-4918-BBFD-AFE297A82347}.xp-32-release-static|Any CPU.Build.0 = xp-32-release-static|Any CPU
		{9684C3CA-C10B-4918-BBFD-AFE297A82347}.xp-32-release-static|Mixed Platforms.ActiveCfg = xp-32-release-static|Any CPU
		{9684C3CA-C10B-4918-BBFD-AFE297A82347}.xp-32-release-static|Mixed Platforms.Build.0 = xp-32-release-static|Any CPU
		{9684C3CA-C10B-4918-BBFD-AFE297A82347}.xp-32-release-static|Win32.ActiveCfg = xp-32-release-static|Any CPU
		{9684C3CA-C10B-4918-BBFD-AFE297A82347}.xp-32-release-static|x86.ActiveCfg = xp-32-release-static|Any CPU
		{226C86A8-B6BF-42A1-B83C-9DE8CF800E2D}.AC-Debug-Static|Any CPU.ActiveCfg = Debug|x86
		{226C86A8-B6BF-42A1-B83C-9DE8CF800E2D}.AC-Debug-Static|Mixed Platforms.ActiveCfg = Debug|x86
		{226C86A8-B6BF-42A1-B83C-9DE8CF800E2D}.AC-Debug-Static|Mixed Platforms.Build.0 = Debug|x86
		{226C86A8-B6BF-42A1-B83C-9DE8CF800E2D}.AC-Debug-Static|Win32.ActiveCfg = Debug|x86
		{226C86A8-B6BF-42A1-B83C-9DE8CF800E2D}.AC-Debug-Static|x86.ActiveCfg = Debug|x86
		{226C86A8-B6BF-42A1-B83C-9DE8CF800E2D}.AC-Debug-Static|x86.Build.0 = Debug|x86
		{226C86A8-B6BF-42A1-B83C-9DE8CF800E2D}.Debug|Any CPU.ActiveCfg = Debug|x86
		{226C86A8-B6BF-42A1-B83C-9DE8CF800E2D}.Debug|Mixed Platforms.ActiveCfg = Debug|x86
		{226C86A8-B6BF-42A1-B83C-9DE8CF800E2D}.Debug|Mixed Platforms.Build.0 = Debug|x86
		{226C86A8-B6BF-42A1-B83C-9DE8CF800E2D}.Debug|Win32.ActiveCfg = Debug|x86
		{226C86A8-B6BF-42A1-B83C-9DE8CF800E2D}.Debug|x86.ActiveCfg = Debug|x86
		{226C86A8-B6BF-42A1-B83C-9DE8CF800E2D}.Debug|x86.Build.0 = Debug|x86
		{226C86A8-B6BF-42A1-B83C-9DE8CF800E2D}.Debug-Static|Any CPU.ActiveCfg = Debug|x86
		{226C86A8-B6BF-42A1-B83C-9DE8CF800E2D}.Debug-Static|Mixed Platforms.ActiveCfg = Debug|x86
		{226C86A8-B6BF-42A1-B83C-9DE8CF800E2D}.Debug-Static|Mixed Platforms.Build.0 = Debug|x86
		{226C86A8-B6BF-42A1-B83C-9DE8CF800E2D}.Debug-Static|Win32.ActiveCfg = Debug|x86
		{226C86A8-B6BF-42A1-B83C-9DE8CF800E2D}.Debug-Static|x86.ActiveCfg = Debug|x86
		{226C86A8-B6BF-42A1-B83C-9DE8CF800E2D}.Debug-Static|x86.Build.0 = Debug|x86
		{226C86A8-B6BF-42A1-B83C-9DE8CF800E2D}.Release|Any CPU.ActiveCfg = Release|x86
		{226C86A8-B6BF-42A1-B83C-9DE8CF800E2D}.Release|Mixed Platforms.ActiveCfg = Release|x86
		{226C86A8-B6BF-42A1-B83C-9DE8CF800E2D}.Release|Mixed Platforms.Build.0 = Release|x86
		{226C86A8-B6BF-42A1-B83C-9DE8CF800E2D}.Release|Win32.ActiveCfg = Release|x86
		{226C86A8-B6BF-42A1-B83C-9DE8CF800E2D}.Release|x86.ActiveCfg = Release|x86
		{226C86A8-B6BF-42A1-B83C-9DE8CF800E2D}.Release|x86.Build.0 = Release|x86
		{226C86A8-B6BF-42A1-B83C-9DE8CF800E2D}.win7-32-debug-static|Any CPU.ActiveCfg = Release|x86
		{226C86A8-B6BF-42A1-B83C-9DE8CF800E2D}.win7-32-debug-static|Mixed Platforms.ActiveCfg = Release|x86
		{226C86A8-B6BF-42A1-B83C-9DE8CF800E2D}.win7-32-debug-static|Win32.ActiveCfg = Release|x86
		{226C86A8-B6BF-42A1-B83C-9DE8CF800E2D}.win7-32-debug-static|x86.ActiveCfg = Release|x86
		{226C86A8-B6BF-42A1-B83C-9DE8CF800E2D}.win7-32-release-static|Any CPU.ActiveCfg = Release|x86
		{226C86A8-B6BF-42A1-B83C-9DE8CF800E2D}.win7-32-release-static|Mixed Platforms.ActiveCfg = Release|x86
		{226C86A8-B6BF-42A1-B83C-9DE8CF800E2D}.win7-32-release-static|Win32.ActiveCfg = Release|x86
		{226C86A8-B6BF-42A1-B83C-9DE8CF800E2D}.win7-32-release-static|x86.ActiveCfg = Release|x86
		{226C86A8-B6BF-42A1-B83C-9DE8CF800E2D}.xp-32-debug-static|Any CPU.ActiveCfg = Release|x86
		{226C86A8-B6BF-42A1-B83C-9DE8CF800E2D}.xp-32-debug-static|Mixed Platforms.ActiveCfg = Release|x86
		{226C86A8-B6BF-42A1-B83C-9DE8CF800E2D}.xp-32-debug-static|Win32.ActiveCfg = Release|x86
		{226C86A8-B6BF-42A1-B83C-9DE8CF800E2D}.xp-32-debug-static|x86.ActiveCfg = Release|x86
		{226C86A8-B6BF-42A1-B83C-9DE8CF800E2D}.xp-32-gar-lapack-debug-static|Any CPU.ActiveCfg = Release|x86
		{226C86A8-B6BF-42A1-B83C-9DE8CF800E2D}.xp-32-gar-lapack-debug-static|Mixed Platforms.ActiveCfg = Release|x86
		{226C86A8-B6BF-42A1-B83C-9DE8CF800E2D}.xp-32-gar-lapack-debug-static|Win32.ActiveCfg = Release|x86
		{226C86A8-B6BF-42A1-B83C-9DE8CF800E2D}.xp-32-gar-lapack-debug-static|x86.ActiveCfg = Release|x86
		{226C86A8-B6BF-42A1-B83C-9DE8CF800E2D}.xp-32-nmea-lapack-debug-static|Any CPU.ActiveCfg = Release|x86
		{226C86A8-B6BF-42A1-B83C-9DE8CF800E2D}.xp-32-nmea-lapack-debug-static|Mixed Platforms.ActiveCfg = Release|x86
		{226C86A8-B6BF-42A1-B83C-9DE8CF800E2D}.xp-32-nmea-lapack-debug-static|Win32.ActiveCfg = Release|x86
		{226C86A8-B6BF-42A1-B83C-9DE8CF800E2D}.xp-32-nmea-lapack-debug-static|x86.ActiveCfg = Release|x86
		{226C86A8-B6BF-42A1-B83C-9DE8CF800E2D}.xp-32-release-static|Any CPU.ActiveCfg = Release|x86
		{226C86A8-B6BF-42A1-B83C-9DE8CF800E2D}.xp-32-release-static|Mixed Platforms.ActiveCfg = Release|x86
		{226C86A8-B6BF-42A1-B83C-9DE8CF800E2D}.xp-32-release-static|Win32.ActiveCfg = Release|x86
		{226C86A8-B6BF-42A1-B83C-9DE8CF800E2D}.xp-32-release-static|x86.ActiveCfg = Release|x86
		{3443807B-C2DC-4766-BAB0-58AEE95D41F8}.AC-Debug-Static|Any CPU.ActiveCfg = Debug|Win32
		{3443807B-C2DC-4766-BAB0-58AEE95D41F8}.AC-Debug-Static|Mixed Platforms.ActiveCfg = Debug|Win32
		{3443807B-C2DC-4766-BAB0-58AEE95D41F8}.AC-Debug-Static|Mixed Platforms.Build.0 = Debug|Win32
		{3443807B-C2DC-4766-BAB0-58AEE95D41F8}.AC-Debug-Static|Win32.ActiveCfg = Debug|Win32
		{3443807B-C2DC-4766-BAB0-58AEE95D41F8}.AC-Debug-Static|Win32.Build.0 = Debug|Win32
		{3443807B-C2DC-4766-BAB0-58AEE95D41F8}.AC-Debug-Static|x86.ActiveCfg = Debug|Win32
		{3443807B-C2DC-4766-BAB0-58AEE95D41F8}.Debug|Any CPU.ActiveCfg = Debug|Win32
		{3443807B-C2DC-4766-BAB0-58AEE95D41F8}.Debug|Mixed Platforms.ActiveCfg = Debug|Win32
		{3443807B-C2DC-4766-BAB0-58AEE95D41F8}.Debug|Mixed Platforms.Build.0 = Debug|Win32
		{3443807B-C2DC-4766-BAB0-58AEE95D41F8}.Debug|Win32.ActiveCfg = Debug|Win32
		{3443807B-C2DC-4766-BAB0-58AEE95D41F8}.Debug|Win32.Build.0 = Debug|Win32
		{3443807B-C2DC-4766-BAB0-58AEE95D41F8}.Debug|x86.ActiveCfg = Debug|Win32
		{3443807B-C2DC-4766-BAB0-58AEE95D41F8}.Debug-Static|Any CPU.ActiveCfg = Debug|Win32
		{3443807B-C2DC-4766-BAB0-58AEE95D41F8}.Debug-Static|Mixed Platforms.ActiveCfg = Debug|Win32
		{3443807B-C2DC-4766-BAB0-58AEE95D41F8}.Debug-Static|Mixed Platforms.Build.0 = Debug|Win32
		{3443807B-C2DC-4766-BAB0-58AEE95D41F8}.Debug-Static|Win32.ActiveCfg = Debug|Win32
		{3443807B-C2DC-4766-BAB0-58AEE95D41F8}.Debug-Static|Win32.Build.0 = Debug|Win32
		{3443807B-C2DC-4766-BAB0-58AEE95D41F8}.Debug-Static|x86.ActiveCfg = Debug|Win32
		{3443807B-C2DC-4766-BAB0-58AEE95D41F8}.Release|Any CPU.ActiveCfg = Release|Win32
		{3443807B-C2DC-4766-BAB0-58AEE95D41F8}.Release|Mixed Platforms.ActiveCfg = Release|Win32
		{3443807B-C2DC-4766-BAB0-58AEE95D41F8}.Release|Mixed Platforms.Build.0 = Release|Win32
		{3443807B-C2DC-4766-BAB0-58AEE95D41F8}.Release|Win32.ActiveCfg = Release|Win32
		{3443807B-C2DC-4766-BAB0-58AEE95D41F8}.Release|Win32.Build.0 = Release|Win32
		{3443807B-C2DC-4766-BAB0-58AEE95D41F8}.Release|x86.ActiveCfg = Release|Win32
		{3443807B-C2DC-4766-BAB0-58AEE95D41F8}.win7-32-debug-static|Any CPU.ActiveCfg = win7-32-debug-static|Win32
		{3443807B-C2DC-4766-BAB0-58AEE95D41F8}.win7-32-debug-static|Mixed Platforms.ActiveCfg = win7-32-debug-static|Win32
		{3443807B-C2DC-4766-BAB0-58AEE95D41F8}.win7-32-debug-static|Mixed Platforms.Build.0 = win7-32-debug-static|Win32
		{3443807B-C2DC-4766-BAB0-58AEE95D41F8}.win7-32-debug-static|Win32.ActiveCfg = win7-32-debug-static|Win32
		{3443807B-C2DC-4766-BAB0-58AEE95D41F8}.win7-32-debug-static|x86.ActiveCfg = win7-32-debug-static|Win32
		{3443807B-C2DC-4766-BAB0-58AEE95D41F8}.win7-32-release-static|Any CPU.ActiveCfg = win7-32-release-static|Win32
		{3443807B-C2DC-4766-BAB0-58AEE95D41F8}.win7-32-release-static|Mixed Platforms.ActiveCfg = win7-32-release-static|Win32
		{3443807B-C2DC-4766-BAB0-58AEE95D41F8}.win7-32-release-static|Mixed Platforms.Build.0 = win7-32-release-static|Win32
		{3443807B-C2DC-4766-BAB0-58AEE95D41F8}.win7-32-release-static|Win32.ActiveCfg = win7-32-release-static|Win32
		{3443807B-C2DC-4766-BAB0-58AEE95D41F8}.win7-32-release-static|x86.ActiveCfg = win7-32-release-static|Win32
		{3443807B-C2DC-4766-BAB0-58AEE95D41F8}.xp-32-debug-static|Any CPU.ActiveCfg = xp-32-debug-static|Win32
		{3443807B-C2DC-4766-BAB0-58AEE95D41F8}.xp-32-debug-static|Mixed Platforms.ActiveCfg = xp-32-debug-static|Win32
		{3443807B-C2DC-4766-BAB0-58AEE95D41F8}.xp-32-debug-static|Mixed Platforms.Build.0 = xp-32-debug-static|Win32
		{3443807B-C2DC-4766-BAB0-58AEE95D41F8}.xp-32-debug-static|Win32.ActiveCfg = xp-32-debug-static|Win32
		{3443807B-C2DC-4766-BAB0-58AEE95D41F8}.xp-32-debug-static|x86.ActiveCfg = xp-32-debug-static|Win32
		{3443807B-C2DC-4766-BAB0-58AEE95D41F8}.xp-32-gar-lapack-debug-static|Any CPU.ActiveCfg = xp-32-gar-lapack-debug-static|Win32
		{3443807B-C2DC-4766-BAB0-58AEE95D41F8}.xp-32-gar-lapack-debug-static|Mixed Platforms.ActiveCfg = xp-32-gar-lapack-debug-static|Win32
		{3443807B-C2DC-4766-BAB0-58AEE95D41F8}.xp-32-gar-lapack-debug-static|Mixed Platforms.Build.0 = xp-32-gar-lapack-debug-static|Win32
		{3443807B-C2DC-4766-BAB0-58AEE95D41F8}.xp-32-gar-lapack-debug-static|Win32.ActiveCfg = xp-32-gar-lapack-debug-static|Win32
		{3443807B-C2DC-4766-BAB0-58AEE95D41F8}.xp-32-gar-lapack-debug-static|x86.ActiveCfg = xp-32-gar-lapack-debug-static|Win32
		{3443807B-C2DC-4766-BAB0-58AEE95D41F8}.xp-32-nmea-lapack-debug-static|Any CPU.ActiveCfg = xp-32-nmea-lapack-debug-static|Win32
		{3443807B-C2DC-4766-BAB0-58AEE95D41F8}.xp-32-nmea-lapack-debug-static|Mixed Platforms.ActiveCfg = xp-32-nmea-lapack-debug-static|Win32
		{3443807B-C2DC-4766-BAB0-58AEE95D41F8}.xp-32-nmea-lapack-debug-static|Mixed Platforms.Build.0 = xp-32-nmea-lapack-debug-static|Win32
		{3443807B-C2DC-4766-BAB0-58AEE95D41F8}.xp-32-nmea-lapack-debug-static|Win32.ActiveCfg = xp-32-nmea-lapack-debug-static|Win32
		{3443807B-C2DC-4766-BAB0-58AEE95D41F8}.xp-32-nmea-lapack-debug-static|x86.ActiveCfg = xp-32-nmea-lapack-debug-static|Win32
		{3443807B-C2DC-4766-BAB0-58AEE95D41F8}.xp-32-release-static|Any CPU.ActiveCfg = xp-32-release-static|Win32
		{3443807B-C2DC-4766-BAB0-58AEE95D41F8}.xp-32-release-static|Mixed Platforms.ActiveCfg = xp-32-release-static|Win32
		{3443807B-C2DC-4766-BAB0-58AEE95D41F8}.xp-32-release-static|Mixed Platforms.Build.0 = xp-32-release-static|Win32
		{3443807B-C2DC-4766-BAB0-58AEE95D41F8}.xp-32-release-static|Win32.ActiveCfg = xp-32-release-static|Win32
		{3443807B-C2DC-4766-BAB0-58AEE95D41F8}.xp-32-release-static|x86.ActiveCfg = xp-32-release-static|Win32
		{31367CA4-67AE-4F85-99B9-2CD826993E8A}.AC-Debug-Static|Any CPU.ActiveCfg = Debug|Win32
		{31367CA4-67AE-4F85-99B9-2CD826993E8A}.AC-Debug-Static|Mixed Platforms.ActiveCfg = Debug|Win32
		{31367CA4-67AE-4F85-99B9-2CD826993E8A}.AC-Debug-Static|Mixed Platforms.Build.0 = Debug|Win32
		{31367CA4-67AE-4F85-99B9-2CD826993E8A}.AC-Debug-Static|Win32.ActiveCfg = Debug|Win32
		{31367CA4-67AE-4F85-99B9-2CD826993E8A}.AC-Debug-Static|Win32.Build.0 = Debug|Win32
		{31367CA4-67AE-4F85-99B9-2CD826993E8A}.AC-Debug-Static|x86.ActiveCfg = Debug|Win32
		{31367CA4-67AE-4F85-99B9-2CD826993E8A}.Debug|Any CPU.ActiveCfg = Debug|Win32
		{31367CA4-67AE-4F85-99B9-2CD826993E8A}.Debug|Mixed Platforms.ActiveCfg = Debug|Win32
		{31367CA4-67AE-4F85-99B9-2CD826993E8A}.Debug|Mixed Platforms.Build.0 = Debug|Win32
		{31367CA4-67AE-4F85-99B9-2CD826993E8A}.Debug|Win32.ActiveCfg = Debug|Win32
		{31367CA4-67AE-4F85-99B9-2CD826993E8A}.Debug|Win32.Build.0 = Debug|Win32
		{31367CA4-67AE-4F85-99B9-2CD826993E8A}.Debug|x86.ActiveCfg = Debug|Win32
		{31367CA4-67AE-4F85-99B9-2CD826993E8A}.Debug-Static|Any CPU.ActiveCfg = Debug|Win32
		{31367CA4-67AE-4F85-99B9-2CD826993E8A}.Debug-Static|Mixed Platforms.ActiveCfg = Debug|Win32
		{31367CA4-67AE-4F85-99B9-2CD826993E8A}.Debug-Static|Mixed Platforms.Build.0 = Debug|Win32
		{31367CA4-67AE-4F85-99B9-2CD826993E8A}.Debug-Static|Win32.ActiveCfg = Debug|Win32
		{31367CA4-67AE-4F85-99B9-2CD826993E8A}.Debug-Static|Win32.Build.0 = Debug|Win32
		{31367CA4-67AE-4F85-99B9-2CD826993E8A}.Debug-Static|x86.ActiveCfg = Debug|Win32
		{31367CA4-67AE-4F85-99B9-2CD826993E8A}.Release|Any CPU.ActiveCfg = Release|Win32
		{31367CA4-67AE-4F85-99B9-2CD826993E8A}.Release|Mixed Platforms.ActiveCfg = Release|Win32
		{31367CA4-67AE-4F85-99B9-2CD826993E8A}.Release|Mixed Platforms.Build.0 = Release|Win32
		{31367CA4-67AE-4F85-99B9-2CD826993E8A}.Release|Win32.ActiveCfg = Release|Win32
		{31367CA4-67AE-4F85-99B9-2CD826993E8A}.Release|Win32.Build.0 = Release|Win32
		{31367CA4-67AE-4F85-99B9-2CD826993E8A}.Release|x86.ActiveCfg = Release|Win32
		{31367CA4-67AE-4F85-99B9-2CD826993E8A}.win7-32-debug-static|Any CPU.ActiveCfg = win7-32-debug-static|Win32
		{31367CA4-67AE-4F85-99B9-2CD826993E8A}.win7-32-debug-static|Mixed Platforms.ActiveCfg = win7-32-debug-static|Win32
		{31367CA4-67AE-4F85-99B9-2CD826993E8A}.win7-32-debug-static|Mixed Platforms.Build.0 = win7-32-debug-static|Win32
		{31367CA4-67AE-4F85-99B9-2CD826993E8A}.win7-32-debug-static|Win32.ActiveCfg = win7-32-debug-static|Win32
		{31367CA4-67AE-4F85-99B9-2CD826993E8A}.win7-32-debug-static|x86.ActiveCfg = win7-32-debug-static|Win32
		{31367CA4-67AE-4F85-99B9-2CD826993E8A}.win7-32-release-static|Any CPU.ActiveCfg = win7-32-release-static|Win32
		{31367CA4-67AE-4F85-99B9-2CD826993E8A}.win7-32-release-static|Mixed Platforms.ActiveCfg = win7-32-release-static|Win32
		{31367CA4-67AE-4F85-99B9-2CD826993E8A}.win7-32-release-static|Mixed Platforms.Build.0 = win7-32-release-static|Win32
		{31367CA4-67AE-4F85-99B9-2CD826993E8A}.win7-32-release-static|Win32.ActiveCfg = win7-32-release-static|Win32
		{31367CA4-67AE-4F85-99B9-2CD826993E8A}.win7-32-release-static|x86.ActiveCfg = win7-32-release-static|Win32
		{31367CA4-67AE-4F85-99B9-2CD826993E8A}.xp-32-debug-static|Any CPU.ActiveCfg = xp-32-debug-static|Win32
		{31367CA4-67AE-4F85-99B9-2CD826993E8A}.xp-32-debug-static|Mixed Platforms.ActiveCfg = xp-32-debug-static|Win32
		{31367CA4-67AE-4F85-99B9-2CD826993E8A}.xp-32-debug-static|Mixed Platforms.Build.0 = xp-32-debug-static|Win32
		{31367CA4-67AE-4F85-99B9-2CD826993E8A}.xp-32-debug-static|Win32.ActiveCfg = xp-32-debug-static|Win32
		{31367CA4-67AE-4F85-99B9-2CD826993E8A}.xp-32-debug-static|x86.ActiveCfg = xp-32-debug-static|Win32
		{31367CA4-67AE-4F85-99B9-2CD826993E8A}.xp-32-gar-lapack-debug-static|Any CPU.ActiveCfg = xp-32-gar-lapack-debug-static|Win32
		{31367CA4-67AE-4F85-99B9-2CD826993E8A}.xp-32-gar-lapack-debug-static|Mixed Platforms.ActiveCfg = xp-32-gar-lapack-debug-static|Win32
		{31367CA4-67AE-4F85-99B9-2CD826993E8A}.xp-32-gar-lapack-debug-static|Mixed Platforms.Build.0 = xp-32-gar-lapack-debug-static|Win32
		{31367CA4-67AE-4F85-99B9-2CD826993E8A}.xp-32-gar-lapack-debug-static|Win32.ActiveCfg = xp-32-gar-lapack-debug-static|Win32
		{31367CA4-67AE-4F85-99B9-2CD826993E8A}.xp-32-gar-lapack-debug-static|x86.ActiveCfg = xp-32-gar-lapack-debug-static|Win32
		{31367CA4-67AE-4F85-99B9-2CD826993E8A}.xp-32-nmea-lapack-debug-static|Any CPU.ActiveCfg = xp-32-nmea-lapack-debug-static|Win32
		{31367CA4-67AE-4F85-99B9-2CD826993E8A}.xp-32-nmea-lapack-debug-static|Mixed Platforms.ActiveCfg = xp-32-nmea-lapack-debug-static|Win32
		{31367CA4-67AE-4F85-99B9-2CD826993E8A}.xp-32-nmea-lapack-debug-static|Mixed Platforms.Build.0 = xp-32-nmea-lapack-debug-static|Win32
		{31367CA4-67AE-4F85-99B9-2CD826993E8A}.xp-32-nmea-lapack-debug-static|Win32.ActiveCfg = xp-32-nmea-lapack-debug-static|Win32
		{31367CA4-67AE-4F85-99B9-2CD826993E8A}.xp-32-nmea-lapack-debug-static|x86.ActiveCfg = xp-32-nmea-lapack-debug-static|Win32
		{31367CA4-67AE-4F85-99B9-2CD826993E8A}.xp-32-release-static|Any CPU.ActiveCfg = xp-32-release-static|Win32
		{31367CA4-67AE-4F85-99B9-2CD826993E8A}.xp-32-release-static|Mixed Platforms.ActiveCfg = xp-32-release-static|Win32
		{31367CA4-67AE-4F85-99B9-2CD826993E8A}.xp-32-release-static|Mixed Platforms.Build.0 = xp-32-release-static|Win32
		{31367CA4-67AE-4F85-99B9-2CD826993E8A}.xp-32-release-static|Win32.ActiveCfg = xp-32-release-static|Win32
		{31367CA4-67AE-4F85-99B9-2CD826993E8A}.xp-32-release-static|x86.ActiveCfg = xp-32-release-static|Win32
		{1D95F0E7-29AD-4960-AC03-0BA8170E7FCF}.AC-Debug-Static|Any CPU.ActiveCfg = Debug|Win32
		{1D95F0E7-29AD-4960-AC03-0BA8170E7FCF}.AC-Debug-Static|Mixed Platforms.ActiveCfg = Debug|Win32
		{1D95F0E7-29AD-4960-AC03-0BA8170E7FCF}.AC-Debug-Static|Mixed Platforms.Build.0 = Debug|Win32
		{1D95F0E7-29AD-4960-AC03-0BA8170E7FCF}.AC-Debug-Static|Win32.ActiveCfg = Debug|Win32
		{1D95F0E7-29AD-4960-AC03-0BA8170E7FCF}.AC-Debug-Static|Win32.Build.0 = Debug|Win32
		{1D95F0E7-29AD-4960-AC03-0BA8170E7FCF}.AC-Debug-Static|x86.ActiveCfg = Debug|Win32
		{1D95F0E7-29AD-4960-AC03-0BA8170E7FCF}.Debug|Any CPU.ActiveCfg = Debug|Win32
		{1D95F0E7-29AD-4960-AC03-0BA8170E7FCF}.Debug|Mixed Platforms.ActiveCfg = Debug|Win32
		{1D95F0E7-29AD-4960-AC03-0BA8170E7FCF}.Debug|Mixed Platforms.Build.0 = Debug|Win32
		{1D95F0E7-29AD-4960-AC03-0BA8170E7FCF}.Debug|Win32.ActiveCfg = Debug|Win32
		{1D95F0E7-29AD-4960-AC03-0BA8170E7FCF}.Debug|Win32.Build.0 = Debug|Win32
		{1D95F0E7-29AD-4960-AC03-0BA8170E7FCF}.Debug|x86.ActiveCfg = Debug|Win32
		{1D95F0E7-29AD-4960-AC03-0BA8170E7FCF}.Debug-Static|Any CPU.ActiveCfg = Debug|Win32
		{1D95F0E7-29AD-4960-AC03-0BA8170E7FCF}.Debug-Static|Mixed Platforms.ActiveCfg = Debug|Win32
		{1D95F0E7-29AD-4960-AC03-0BA8170E7FCF}.Debug-Static|Mixed Platforms.Build.0 = Debug|Win32
		{1D95F0E7-29AD-4960-AC03-0BA8170E7FCF}.Debug-Static|Win32.ActiveCfg = Debug|Win32
		{1D95F0E7-29AD-4960-AC03-0BA8170E7FCF}.Debug-Static|Win32.Build.0 = Debug|Win32
		{1D95F0E7-29AD-4960-AC03-0BA8170E7FCF}.Debug-Static|x86.ActiveCfg = Debug|Win32
		{1D95F0E7-29AD-4960-AC03-0BA8170E7FCF}.Release|Any CPU.ActiveCfg = Release|Win32
		{1D95F0E7-29AD-4960-AC03-0BA8170E7FCF}.Release|Mixed Platforms.ActiveCfg = Release|Win32
		{1D95F0E7-29AD-4960-AC03-0BA8170E7FCF}.Release|Mixed Platforms.Build.0 = Release|Win32
		{1D95F0E7-29AD-4960-AC03-0BA8170E7FCF}.Release|Win32.ActiveCfg = Release|Win32
		{1D95F0E7-29AD-4960-AC03-0BA8170E7FCF}.Release|Win32.Build.0 = Release|Win32
		{1D95F0E7-29AD-4960-AC03-0BA8170E7FCF}.Release|x86.ActiveCfg = Release|Win32
		{1D95F0E7-29AD-4960-AC03-0BA8170E7FCF}.win7-32-debug-static|Any CPU.ActiveCfg = win7-32-debug-static|Win32
		{1D95F0E7-29AD-4960-AC03-0BA8170E7FCF}.win7-32-debug-static|Mixed Platforms.ActiveCfg = win7-32-debug-static|Win32
		{1D95F0E7-29AD-4960-AC03-0BA8170E7FCF}.win7-32-debug-static|Mixed Platforms.Build.0 = win7-32-debug-static|Win32
		{1D95F0E7-29AD-4960-AC03-0BA8170E7FCF}.win7-32-debug-static|Win32.ActiveCfg = win7-32-debug-static|Win32
		{1D95F0E7-29AD-4960-AC03-0BA8170E7FCF}.win7-32-debug-static|x86.ActiveCfg = win7-32-debug-static|Win32
		{1D95F0E7-29AD-4960-AC03-0BA8170E7FCF}.win7-32-release-static|Any CPU.ActiveCfg = win7-32-release-static|Win32
		{1D95F0E7-29AD-4960-AC03-0BA8170E7FCF}.win7-32-release-static|Mixed Platforms.ActiveCfg = win7-32-release-static|Win32
		{1D95F0E7-29AD-4960-AC03-0BA8170E7FCF}.win7-32-release-static|Mixed Platforms.Build.0 = win7-32-release-static|Win32
		{1D95F0E7-29AD-4960-AC03-0BA8170E7FCF}.win7-32-release-static|Win32.ActiveCfg = win7-32-release-static|Win32
		{1D95F0E7-29AD-4960-AC03-0BA8170E7FCF}.win7-32-release-static|x86.ActiveCfg = win7-32-release-static|Win32
		{1D95F0E7-29AD-4960-AC03-0BA8170E7FCF}.xp-32-debug-static|Any CPU.ActiveCfg = xp-32-debug-static|Win32
		{1D95F0E7-29AD-4960-AC03-0BA8170E7FCF}.xp-32-debug-static|Mixed Platforms.ActiveCfg = xp-32-debug-static|Win32
		{1D95F0E7-29AD-4960-AC03-0BA8170E7FCF}.xp-32-debug-static|Mixed Platforms.Build.0 = xp-32-debug-static|Win32
		{1D95F0E7-29AD-4960-AC03-0BA8170E7FCF}.xp-32-debug-static|Win32.ActiveCfg = xp-32-debug-static|Win32
		{1D95F0E7-29AD-4960-AC03-0BA8170E7FCF}.xp-32-debug-static|x86.ActiveCfg = xp-32-debug-static|Win32
		{1D95F0E7-29AD-4960-AC03-0BA8170E7FCF}.xp-32-gar-lapack-debug-static|Any CPU.ActiveCfg = xp-32-gar-lapack-debug-static|Win32
		{1D95F0E7-29AD-4960-AC03-0BA8170E7FCF}.xp-32-gar-lapack-debug-static|Mixed Platforms.ActiveCfg = xp-32-gar-lapack-debug-static|Win32
		{1D95F0E7-29AD-4960-AC03-0BA8170E7FCF}.xp-32-gar-lapack-debug-static|Mixed Platforms.Build.0 = xp-32-gar-lapack-debug-static|Win32
		{1D95F0E7-29AD-4960-AC03-0BA8170E7FCF}.xp-32-gar-lapack-debug-static|Win32.ActiveCfg = xp-32-gar-lapack-debug-static|Win32
		{1D95F0E7-29AD-4960-AC03-0BA8170E7FCF}.xp-32-gar-lapack-debug-static|x86.ActiveCfg = xp-32-gar-lapack-debug-static|Win32
		{1D95F0E7-29AD-4960-AC03-0BA8170E7FCF}.xp-32-nmea-lapack-debug-static|Any CPU.ActiveCfg = xp-32-nmea-lapack-debug-static|Win32
		{1D95F0E7-29AD-4960-AC03-0BA8170E7FCF}.xp-32-nmea-lapack-debug-static|Mixed Platforms.ActiveCfg = xp-32-nmea-lapack-debug-static|Win32
		{1D95F0E7-29AD-4960-AC03-0BA8170E7FCF}.xp-32-nmea-lapack-debug-static|Mixed Platforms.Build.0 = xp-32-nmea-lapack-debug-static|Win32
		{1D95F0E7-29AD-4960-AC03-0BA8170E7FCF}.xp-32-nmea-lapack-debug-static|Win32.ActiveCfg = xp-32-nmea-lapack-debug-static|Win32
		{1D95F0E7-29AD-4960-AC03-0BA8170E7FCF}.xp-32-nmea-lapack-debug-static|x86.ActiveCfg = xp-32-nmea-lapack-debug-static|Win32
		{1D95F0E7-29AD-4960-AC03-0BA8170E7FCF}.xp-32-release-static|Any CPU.ActiveCfg = xp-32-release-static|Win32
		{1D95F0E7-29AD-4960-AC03-0BA8170E7FCF}.xp-32-release-static|Mixed Platforms.ActiveCfg = xp-32-release-static|Win32
		{1D95F0E7-29AD-4960-AC03-0BA8170E7FCF}.xp-32-release-static|Mixed Platforms.Build.0 = xp-32-release-static|Win32
		{1D95F0E7-29AD-4960-AC03-0BA8170E7FCF}.xp-32-release-static|Win32.ActiveCfg = xp-32-release-static|Win32
		{1D95F0E7-29AD-4960-AC03-0BA8170E7FCF}.xp-32-release-static|x86.ActiveCfg = xp-32-release-static|Win32
		{ADF4668E-6604-4E53-BCC5-C6D585871E1A}.AC-Debug-Static|Any CPU.ActiveCfg = Debug|Win32
		{ADF4668E-6604-4E53-BCC5-C6D585871E1A}.AC-Debug-Static|Mixed Platforms.ActiveCfg = Debug|Win32
		{ADF4668E-6604-4E53-BCC5-C6D585871E1A}.AC-Debug-Static|Mixed Platforms.Build.0 = Debug|Win32
		{ADF4668E-6604-4E53-BCC5-C6D585871E1A}.AC-Debug-Static|Win32.ActiveCfg = Debug|Win32
		{ADF4668E-6604-4E53-BCC5-C6D585871E1A}.AC-Debug-Static|Win32.Build.0 = Debug|Win32
		{ADF4668E-6604-4E53-BCC5-C6D585871E1A}.AC-Debug-Static|x86.ActiveCfg = Debug|Win32
		{ADF4668E-6604-4E53-BCC5-C6D585871E1A}.Debug|Any CPU.ActiveCfg = Debug|Win32
		{ADF4668E-6604-4E53-BCC5-C6D585871E1A}.Debug|Mixed Platforms.ActiveCfg = Debug|Win32
		{ADF4668E-6604-4E53-BCC5-C6D585871E1A}.Debug|Mixed Platforms.Build.0 = Debug|Win32
		{ADF4668E-6604-4E53-BCC5-C6D585871E1A}.Debug|Win32.ActiveCfg = Debug|Win32
		{ADF4668E-6604-4E53-BCC5-C6D585871E1A}.Debug|Win32.Build.0 = Debug|Win32
		{ADF4668E-6604-4E53-BCC5-C6D585871E1A}.Debug|x86.ActiveCfg = Debug|Win32
		{ADF4668E-6604-4E53-BCC5-C6D585871E1A}.Debug-Static|Any CPU.ActiveCfg = Debug|Win32
		{ADF4668E-6604-4E53-BCC5-C6D585871E1A}.Debug-Static|Mixed Platforms.ActiveCfg = Debug|Win32
		{ADF4668E-6604-4E53-BCC5-C6D585871E1A}.Debug-Static|Mixed Platforms.Build.0 = Debug|Win32
		{ADF4668E-6604-4E53-BCC5-C6D585871E1A}.Debug-Static|Win32.ActiveCfg = Debug|Win32
		{ADF4668E-6604-4E53-BCC5-C6D585871E1A}.Debug-Static|Win32.Build.0 = Debug|Win32
		{ADF4668E-6604-4E53-BCC5-C6D585871E1A}.Debug-Static|x86.ActiveCfg = Debug|Win32
		{ADF4668E-6604-4E53-BCC5-C6D585871E1A}.Release|Any CPU.ActiveCfg = Release|Win32
		{ADF4668E-6604-4E53-BCC5-C6D585871E1A}.Release|Mixed Platforms.ActiveCfg = Release|Win32
		{ADF4668E-6604-4E53-BCC5-C6D585871E1A}.Release|Mixed Platforms.Build.0 = Release|Win32
		{ADF4668E-6604-4E53-BCC5-C6D585871E1A}.Release|Win32.ActiveCfg = Release|Win32
		{ADF4668E-6604-4E53-BCC5-C6D585871E1A}.Release|Win32.Build.0 = Release|Win32
		{ADF4668E-6604-4E53-BCC5-C6D585871E1A}.Release|x86.ActiveCfg = Release|Win32
		{ADF4668E-6604-4E53-BCC5-C6D585871E1A}.win7-32-debug-static|Any CPU.ActiveCfg = win7-32-debug-static|Win32
		{ADF4668E-6604-4E53-BCC5-C6D585871E1A}.win7-32-debug-static|Mixed Platforms.ActiveCfg = win7-32-debug-static|Win32
		{ADF4668E-6604-4E53-BCC5-C6D585871E1A}.win7-32-debug-static|Mixed Platforms.Build.0 = win7-32-debug-static|Win32
		{ADF4668E-6604-4E53-BCC5-C6D585871E1A}.win7-32-debug-static|Win32.ActiveCfg = win7-32-debug-static|Win32
		{ADF4668E-6604-4E53-BCC5-C6D585871E1A}.win7-32-debug-static|x86.ActiveCfg = win7-32-debug-static|Win32
		{ADF4668E-6604-4E53-BCC5-C6D585871E1A}.win7-32-release-static|Any CPU.ActiveCfg = win7-32-release-static|Win32
		{ADF4668E-6604-4E53-BCC5-C6D585871E1A}.win7-32-release-static|Mixed Platforms.ActiveCfg = win7-32-release-static|Win32
		{ADF4668E-6604-4E53-BCC5-C6D585871E1A}.win7-32-release-static|Mixed Platforms.Build.0 = win7-32-release-static|Win32
		{ADF4668E-6604-4E53-BCC5-C6D585871E1A}.win7-32-release-static|Win32.ActiveCfg = win7-32-release-static|Win32
		{ADF4668E-6604-4E53-BCC5-C6D585871E1A}.win7-32-release-static|x86.ActiveCfg = win7-32-release-static|Win32
		{ADF4668E-6604-4E53-BCC5-C6D585871E1A}.xp-32-debug-static|Any CPU.ActiveCfg = xp-32-debug-static|Win32
		{ADF4668E-6604-4E53-BCC5-C6D585871E1A}.xp-32-debug-static|Mixed Platforms.ActiveCfg = xp-32-debug-static|Win32
		{ADF4668E-6604-4E53-BCC5-C6D585871E1A}.xp-32-debug-static|Mixed Platforms.Build.0 = xp-32-debug-static|Win32
		{ADF4668E-6604-4E53-BCC5-C6D585871E1A}.xp-32-debug-static|Win32.ActiveCfg = xp-32-debug-static|Win32
		{ADF4668E-6604-4E53-BCC5-C6D585871E1A}.xp-32-debug-static|x86.ActiveCfg = xp-32-debug-static|Win32
		{ADF4668E-6604-4E53-BCC5-C6D585871E1A}.xp-32-gar-lapack-debug-static|Any CPU.ActiveCfg = xp-32-gar-lapack-debug-static|Win32
		{ADF4668E-6604-4E53-BCC5-C6D585871E1A}.xp-32-gar-lapack-debug-static|Mixed Platforms.ActiveCfg = xp-32-gar-lapack-debug-static|Win32
		{ADF4668E-6604-4E53-BCC5-C6D585871E1A}.xp-32-gar-lapack-debug-static|Mixed Platforms.Build.0 = xp-32-gar-lapack-debug-static|Win32
		{ADF4668E-6604-4E53-BCC5-C6D585871E1A}.xp-32-gar-lapack-debug-static|Win32.ActiveCfg = xp-32-gar-lapack-debug-static|Win32
		{ADF4668E-6604-4E53-BCC5-C6D585871E1A}.xp-32-gar-lapack-debug-static|x86.ActiveCfg = xp-32-gar-lapack-debug-static|Win32
		{ADF4668E-6604-4E53-BCC5-C6D585871E1A}.xp-32-nmea-lapack-debug-static|Any CPU.ActiveCfg = xp-32-nmea-lapack-debug-static|Win32
		{ADF4668E-6604-4E53-BCC5-C6D585871E1A}.xp-32-nmea-lapack-debug-static|Mixed Platforms.ActiveCfg = xp-32-nmea-lapack-debug-static|Win32
		{ADF4668E-6604-4E53-BCC5-C6D585871E1A}.xp-32-nmea-lapack-debug-static|Mixed Platforms.Build.0 = xp-32-nmea-lapack-debug-static|Win32
		{ADF4668E-6604-4E53-BCC5-C6D585871E1A}.xp-32-nmea-lapack-debug-static|Win32.ActiveCfg = xp-32-nmea-lapack-debug-static|Win32
		{ADF4668E-6604-4E53-BCC5-C6D585871E1A}.xp-32-nmea-lapack-debug-static|x86.ActiveCfg = xp-32-nmea-lapack-debug-static|Win32
		{ADF4668E-6604-4E53-BCC5-C6D585871E1A}.xp-32-release-static|Any CPU.ActiveCfg = xp-32-release-static|Win32
		{ADF4668E-6604-4E53-BCC5-C6D585871E1A}.xp-32-release-static|Mixed Platforms.ActiveCfg = xp-32-release-static|Win32
		{ADF4668E-6604-4E53-BCC5-C6D585871E1A}.xp-32-release-static|Mixed Platforms.Build.0 = xp-32-release-static|Win32
		{ADF4668E-6604-4E53-BCC5-C6D585871E1A}.xp-32-release-static|Win32.ActiveCfg = xp-32-release-static|Win32
		{ADF4668E-6604-4E53-BCC5-C6D585871E1A}.xp-32-release-static|x86.ActiveCfg = xp-32-release-static|Win32
		{7CCD9AFD-BA7B-49EF-BCB8-61F3F9C940D8}.AC-Debug-Static|Any CPU.ActiveCfg = Debug|Win32
		{7CCD9AFD-BA7B-49EF-BCB8-61F3F9C940D8}.AC-Debug-Static|Mixed Platforms.ActiveCfg = Debug|Win32
		{7CCD9AFD-BA7B-49EF-BCB8-61F3F9C940D8}.AC-Debug-Static|Mixed Platforms.Build.0 = Debug|Win32
		{7CCD9AFD-BA7B-49EF-BCB8-61F3F9C940D8}.AC-Debug-Static|Win32.ActiveCfg = Debug|Win32
		{7CCD9AFD-BA7B-49EF-BCB8-61F3F9C940D8}.AC-Debug-Static|Win32.Build.0 = Debug|Win32
		{7CCD9AFD-BA7B-49EF-BCB8-61F3F9C940D8}.AC-Debug-Static|x86.ActiveCfg = Debug|Win32
		{7CCD9AFD-BA7B-49EF-BCB8-61F3F9C940D8}.Debug|Any CPU.ActiveCfg = Debug|Win32
		{7CCD9AFD-BA7B-49EF-BCB8-61F3F9C940D8}.Debug|Mixed Platforms.ActiveCfg = Debug|Win32
		{7CCD9AFD-BA7B-49EF-BCB8-61F3F9C940D8}.Debug|Mixed Platforms.Build.0 = Debug|Win32
		{7CCD9AFD-BA7B-49EF-BCB8-61F3F9C940D8}.Debug|Win32.ActiveCfg = Debug|Win32
		{7CCD9AFD-BA7B-49EF-BCB8-61F3F9C940D8}.Debug|Win32.Build.0 = Debug|Win32
		{7CCD9AFD-BA7B-49EF-BCB8-61F3F9C940D8}.Debug|x86.ActiveCfg = Debug|Win32
		{7CCD9AFD-BA7B-49EF-BCB8-61F3F9C940D8}.Debug-Static|Any CPU.ActiveCfg = Debug|Win32
		{7CCD9AFD-BA7B-49EF-BCB8-61F3F9C940D8}.Debug-Static|Mixed Platforms.ActiveCfg = Debug|Win32
		{7CCD9AFD-BA7B-49EF-BCB8-61F3F9C940D8}.Debug-Static|Mixed Platforms.Build.0 = Debug|Win32
		{7CCD9AFD-BA7B-49EF-BCB8-61F3F9C940D8}.Debug-Static|Win32.ActiveCfg = Debug|Win32
		{7CCD9AFD-BA7B-49EF-BCB8-61F3F9C940D8}.Debug-Static|Win32.Build.0 = Debug|Win32
		{7CCD9AFD-BA7B-49EF-BCB8-61F3F9C940D8}.Debug-Static|x86.ActiveCfg = Debug|Win32
		{7CCD9AFD-BA7B-49EF-BCB8-61F3F9C940D8}.Release|Any CPU.ActiveCfg = Release|Win32
		{7CCD9AFD-BA7B-49EF-BCB8-61F3F9C940D8}.Release|Mixed Platforms.ActiveCfg = Release|Win32
		{7CCD9AFD-BA7B-49EF-BCB8-61F3F9C940D8}.Release|Mixed Platforms.Build.0 = Release|Win32
		{7CCD9AFD-BA7B-49EF-BCB8-61F3F9C940D8}.Release|Win32.ActiveCfg = Release|Win32
		{7CCD9AFD-BA7B-49EF-BCB8-61F3F9C940D8}.Release|Win32.Build.0 = Release|Win32
		{7CCD9AFD-BA7B-49EF-BCB8-61F3F9C940D8}.Release|x86.ActiveCfg = Release|Win32
		{7CCD9AFD-BA7B-49EF-BCB8-61F3F9C940D8}.win7-32-debug-static|Any CPU.ActiveCfg = Release|Win32
		{7CCD9AFD-BA7B-49EF-BCB8-61F3F9C940D8}.win7-32-debug-static|Mixed Platforms.ActiveCfg = Release|Win32
		{7CCD9AFD-BA7B-49EF-BCB8-61F3F9C940D8}.win7-32-debug-static|Mixed Platforms.Build.0 = Release|Win32
		{7CCD9AFD-BA7B-49EF-BCB8-61F3F9C940D8}.win7-32-debug-static|Win32.ActiveCfg = Release|Win32
		{7CCD9AFD-BA7B-49EF-BCB8-61F3F9C940D8}.win7-32-debug-static|Win32.Build.0 = Release|Win32
		{7CCD9AFD-BA7B-49EF-BCB8-61F3F9C940D8}.win7-32-debug-static|x86.ActiveCfg = Release|Win32
		{7CCD9AFD-BA7B-49EF-BCB8-61F3F9C940D8}.win7-32-release-static|Any CPU.ActiveCfg = win7-32-release-static|Win32
		{7CCD9AFD-BA7B-49EF-BCB8-61F3F9C940D8}.win7-32-release-static|Mixed Platforms.ActiveCfg = win7-32-release-static|Win32
		{7CCD9AFD-BA7B-49EF-BCB8-61F3F9C940D8}.win7-32-release-static|Mixed Platforms.Build.0 = win7-32-release-static|Win32
		{7CCD9AFD-BA7B-49EF-BCB8-61F3F9C940D8}.win7-32-release-static|Win32.ActiveCfg = win7-32-release-static|Win32
		{7CCD9AFD-BA7B-49EF-BCB8-61F3F9C940D8}.win7-32-release-static|x86.ActiveCfg = win7-32-release-static|Win32
		{7CCD9AFD-BA7B-49EF-BCB8-61F3F9C940D8}.xp-32-debug-static|Any CPU.ActiveCfg = Release|Win32
		{7CCD9AFD-BA7B-49EF-BCB8-61F3F9C940D8}.xp-32-debug-static|Mixed Platforms.ActiveCfg = Release|Win32
		{7CCD9AFD-BA7B-49EF-BCB8-61F3F9C940D8}.xp-32-debug-static|Mixed Platforms.Build.0 = Release|Win32
		{7CCD9AFD-BA7B-49EF-BCB8-61F3F9C940D8}.xp-32-debug-static|Win32.ActiveCfg = Release|Win32
		{7CCD9AFD-BA7B-49EF-BCB8-61F3F9C940D8}.xp-32-debug-static|Win32.Build.0 = Release|Win32
		{7CCD9AFD-BA7B-49EF-BCB8-61F3F9C940D8}.xp-32-debug-static|x86.ActiveCfg = Release|Win32
		{7CCD9AFD-BA7B-49EF-BCB8-61F3F9C940D8}.xp-32-gar-lapack-debug-static|Any CPU.ActiveCfg = Release|Win32
		{7CCD9AFD-BA7B-49EF-BCB8-61F3F9C940D8}.xp-32-gar-lapack-debug-static|Mixed Platforms.ActiveCfg = Release|Win32
		{7CCD9AFD-BA7B-49EF-BCB8-61F3F9C940D8}.xp-32-gar-lapack-debug-static|Mixed Platforms.Build.0 = Release|Win32
		{7CCD9AFD-BA7B-49EF-BCB8-61F3F9C940D8}.xp-32-gar-lapack-debug-static|Win32.ActiveCfg = Release|Win32
		{7CCD9AFD-BA7B-49EF-BCB8-61F3F9C940D8}.xp-32-gar-lapack-debug-static|Win32.Build.0 = Release|Win32
		{7CCD9AFD-BA7B-49EF-BCB8-61F3F9C940D8}.xp-32-gar-lapack-debug-static|x86.ActiveCfg = Release|Win32
		{7CCD9AFD-BA7B-49EF-BCB8-61F3F9C940D8}.xp-32-nmea-lapack-debug-static|Any CPU.ActiveCfg = Release|Win32
		{7CCD9AFD-BA7B-49EF-BCB8-61F3F9C940D8}.xp-32-nmea-lapack-debug-static|Mixed Platforms.ActiveCfg = Release|Win32
		{7CCD9AFD-BA7B-49EF-BCB8-61F3F9C940D8}.xp-32-nmea-lapack-debug-static|Mixed Platforms.Build.0 = Release|Win32
		{7CCD9AFD-BA7B-49EF-BCB8-61F3F9C940D8}.xp-32-nmea-lapack-debug-static|Win32.ActiveCfg = Release|Win32
		{7CCD9AFD-BA7B-49EF-BCB8-61F3F9C940D8}.xp-32-nmea-lapack-debug-static|Win32.Build.0 = Release|Win32
		{7CCD9AFD-BA7B-49EF-BCB8-61F3F9C940D8}.xp-32-nmea-lapack-debug-static|x86.ActiveCfg = Release|Win32
		{7CCD9AFD-BA7B-49EF-BCB8-61F3F9C940D8}.xp-32-release-static|Any CPU.ActiveCfg = Release|Win32
		{7CCD9AFD-BA7B-49EF-BCB8-61F3F9C940D8}.xp-32-release-static|Mixed Platforms.ActiveCfg = Release|Win32
		{7CCD9AFD-BA7B-49EF-BCB8-61F3F9C940D8}.xp-32-release-static|Mixed Platforms.Build.0 = Release|Win32
		{7CCD9AFD-BA7B-49EF-BCB8-61F3F9C940D8}.xp-32-release-static|Win32.ActiveCfg = Release|Win32
		{7CCD9AFD-BA7B-49EF-BCB8-61F3F9C940D8}.xp-32-release-static|Win32.Build.0 = Release|Win32
		{7CCD9AFD-BA7B-49EF-BCB8-61F3F9C940D8}.xp-32-release-static|x86.ActiveCfg = Release|Win32
	EndGlobalSection
	GlobalSection(SolutionProperties) = preSolution
		HideSolutionNode = FALSE
	EndGlobalSection
EndGlobal
